// !$*UTF8*$!
{
	archiveVersion = 1;
	classes = {
	};
	objectVersion = 70;
	objects = {

/* Begin PBXBuildFile section */
		0700E1922C709E2100DAA89C /* InsetLabel.swift in Sources */ = {isa = PBXBuildFile; fileRef = 0700E1912C709E2100DAA89C /* InsetLabel.swift */; };
		0700E19A2C70B7EB00DAA89C /* Router.swift in Sources */ = {isa = PBXBuildFile; fileRef = 0700E1992C70B7EB00DAA89C /* Router.swift */; };
		0700E19D2C71BA6100DAA89C /* AddTrackerScreenAssembley.swift in Sources */ = {isa = PBXBuildFile; fileRef = 0700E19C2C71BA6100DAA89C /* AddTrackerScreenAssembley.swift */; };
		0700E19F2C71C3A800DAA89C /* AddTrackerViewControllerDelegate.swift in Sources */ = {isa = PBXBuildFile; fileRef = 0700E19E2C71C3A700DAA89C /* AddTrackerViewControllerDelegate.swift */; };
		0700E1A22C71C88C00DAA89C /* NewTrackerScreenAssembley.swift in Sources */ = {isa = PBXBuildFile; fileRef = 0700E1A12C71C88C00DAA89C /* NewTrackerScreenAssembley.swift */; };
		0700E1A52C71D7EC00DAA89C /* ScheduleScreenAssembley.swift in Sources */ = {isa = PBXBuildFile; fileRef = 0700E1A42C71D7EC00DAA89C /* ScheduleScreenAssembley.swift */; };
		072697BC2C8EF20B00386B3F /* OnboardingPage.swift in Sources */ = {isa = PBXBuildFile; fileRef = 072697BB2C8EF20B00386B3F /* OnboardingPage.swift */; };
		072697BF2C8F035400386B3F /* TrackersScreenAssembley.swift in Sources */ = {isa = PBXBuildFile; fileRef = 072697BE2C8F035400386B3F /* TrackersScreenAssembley.swift */; };
		072697E82C8F3CFB00386B3F /* CategoriesViewController.swift in Sources */ = {isa = PBXBuildFile; fileRef = 072697E72C8F3CFB00386B3F /* CategoriesViewController.swift */; };
		072697EA2C8F3F5B00386B3F /* CategoriesScreenAssembley.swift in Sources */ = {isa = PBXBuildFile; fileRef = 072697E92C8F3F5B00386B3F /* CategoriesScreenAssembley.swift */; };
		072697EC2C8F418E00386B3F /* CategoriesViewModel.swift in Sources */ = {isa = PBXBuildFile; fileRef = 072697EB2C8F418E00386B3F /* CategoriesViewModel.swift */; };
		072697F02C8F441600386B3F /* CategoriesViewModelProtocol.swift in Sources */ = {isa = PBXBuildFile; fileRef = 072697EF2C8F441600386B3F /* CategoriesViewModelProtocol.swift */; };
		072697F22C9062BB00386B3F /* TrackerCategoryProtocol.swift in Sources */ = {isa = PBXBuildFile; fileRef = 072697F12C9062BB00386B3F /* TrackerCategoryProtocol.swift */; };
		072697F42C9064F700386B3F /* TrackerCategoryStoreDelegate.swift in Sources */ = {isa = PBXBuildFile; fileRef = 072697F32C9064F700386B3F /* TrackerCategoryStoreDelegate.swift */; };
		072697F62C90653100386B3F /* TrackerCategoryStoreUpdate.swift in Sources */ = {isa = PBXBuildFile; fileRef = 072697F52C90653100386B3F /* TrackerCategoryStoreUpdate.swift */; };
		072697FB2C906B8F00386B3F /* CategoryCellModel.swift in Sources */ = {isa = PBXBuildFile; fileRef = 072697FA2C906B8F00386B3F /* CategoryCellModel.swift */; };
		072697FE2C90725D00386B3F /* CategoryCell.swift in Sources */ = {isa = PBXBuildFile; fileRef = 072697FD2C90725D00386B3F /* CategoryCell.swift */; };
		072698002C90AD8F00386B3F /* Binding.swift in Sources */ = {isa = PBXBuildFile; fileRef = 072697FF2C90AD8F00386B3F /* Binding.swift */; };
		072698072C91817600386B3F /* NewCategoryViewController.swift in Sources */ = {isa = PBXBuildFile; fileRef = 072698062C91817600386B3F /* NewCategoryViewController.swift */; };
		072698092C9185E100386B3F /* NewCategoryViewModel.swift in Sources */ = {isa = PBXBuildFile; fileRef = 072698082C9185E100386B3F /* NewCategoryViewModel.swift */; };
		0726980B2C91865C00386B3F /* NewCategoryViewModelProtocol.swift in Sources */ = {isa = PBXBuildFile; fileRef = 0726980A2C91865C00386B3F /* NewCategoryViewModelProtocol.swift */; };
		0726980D2C91872C00386B3F /* NewCategoryScreenAssembley.swift in Sources */ = {isa = PBXBuildFile; fileRef = 0726980C2C91872C00386B3F /* NewCategoryScreenAssembley.swift */; };
		0726980F2C91882C00386B3F /* NewCategoryModel.swift in Sources */ = {isa = PBXBuildFile; fileRef = 0726980E2C91882C00386B3F /* NewCategoryModel.swift */; };
		072698132C91AAD700386B3F /* TrackerCategoryError.swift in Sources */ = {isa = PBXBuildFile; fileRef = 072698122C91AAD700386B3F /* TrackerCategoryError.swift */; };
		072C09782C9ACE3000273BFB /* Localizable.strings in Resources */ = {isa = PBXBuildFile; fileRef = 072C09762C9ACE3000273BFB /* Localizable.strings */; };
		072C097C2C9AD3E700273BFB /* Strings+Generated.swift in Sources */ = {isa = PBXBuildFile; fileRef = 072C097B2C9AD3E700273BFB /* Strings+Generated.swift */; };
		072C09AC2C9C51A200273BFB /* AppMetricaAdSupport in Frameworks */ = {isa = PBXBuildFile; productRef = 072C09AB2C9C51A200273BFB /* AppMetricaAdSupport */; };
		072C09AE2C9C51A200273BFB /* AppMetricaCore in Frameworks */ = {isa = PBXBuildFile; productRef = 072C09AD2C9C51A200273BFB /* AppMetricaCore */; };
		072C09B02C9C51A200273BFB /* AppMetricaCrashes in Frameworks */ = {isa = PBXBuildFile; productRef = 072C09AF2C9C51A200273BFB /* AppMetricaCrashes */; };
		072C09B22C9C51A200273BFB /* AppMetricaLibraryAdapter in Frameworks */ = {isa = PBXBuildFile; productRef = 072C09B12C9C51A200273BFB /* AppMetricaLibraryAdapter */; };
		072C09B42C9C542C00273BFB /* AnalyticsService.swift in Sources */ = {isa = PBXBuildFile; fileRef = 072C09B32C9C542C00273BFB /* AnalyticsService.swift */; };
		072C09D92C9E8B0B00273BFB /* EditTrackerScreenAssembley.swift in Sources */ = {isa = PBXBuildFile; fileRef = 072C09D82C9E8B0B00273BFB /* EditTrackerScreenAssembley.swift */; };
		073C8C232C6A2F10006D8E7D /* NewTrackerViewController.swift in Sources */ = {isa = PBXBuildFile; fileRef = 073C8C222C6A2F10006D8E7D /* NewTrackerViewController.swift */; };
		073C8C252C6A2F1B006D8E7D /* NewTrackerViewPresenter.swift in Sources */ = {isa = PBXBuildFile; fileRef = 073C8C242C6A2F1B006D8E7D /* NewTrackerViewPresenter.swift */; };
		073C8C272C6A2F2A006D8E7D /* NewTrackerViewPresenterProtocol.swift in Sources */ = {isa = PBXBuildFile; fileRef = 073C8C262C6A2F2A006D8E7D /* NewTrackerViewPresenterProtocol.swift */; };
		073C8C2A2C6A34DD006D8E7D /* NewTrackerViewPresenterDelegate.swift in Sources */ = {isa = PBXBuildFile; fileRef = 073C8C292C6A34DD006D8E7D /* NewTrackerViewPresenterDelegate.swift */; };
		073C8C2C2C6A46B7006D8E7D /* TrackerType.swift in Sources */ = {isa = PBXBuildFile; fileRef = 073C8C2B2C6A46B7006D8E7D /* TrackerType.swift */; };
		073C8C2E2C6B3207006D8E7D /* UIViewController+Extensions.swift in Sources */ = {isa = PBXBuildFile; fileRef = 073C8C2D2C6B3207006D8E7D /* UIViewController+Extensions.swift */; };
		073C8C322C6D0C29006D8E7D /* TrackerButtonsCell.swift in Sources */ = {isa = PBXBuildFile; fileRef = 073C8C312C6D0C29006D8E7D /* TrackerButtonsCell.swift */; };
		073C8C342C6D11F7006D8E7D /* UITableView+Extensions.swift in Sources */ = {isa = PBXBuildFile; fileRef = 073C8C332C6D11F7006D8E7D /* UITableView+Extensions.swift */; };
		073C8C392C6DB039006D8E7D /* ScheduleViewController.swift in Sources */ = {isa = PBXBuildFile; fileRef = 073C8C382C6DB039006D8E7D /* ScheduleViewController.swift */; };
		073C8C3B2C6DB04B006D8E7D /* ScheduleViewPresenter.swift in Sources */ = {isa = PBXBuildFile; fileRef = 073C8C3A2C6DB04B006D8E7D /* ScheduleViewPresenter.swift */; };
		073C8C3D2C6DB1F8006D8E7D /* ScheduleViewPresenterProtocol.swift in Sources */ = {isa = PBXBuildFile; fileRef = 073C8C3C2C6DB1F8006D8E7D /* ScheduleViewPresenterProtocol.swift */; };
		073C8C402C6DB357006D8E7D /* ScheduleViewPresenterDelegate.swift in Sources */ = {isa = PBXBuildFile; fileRef = 073C8C3F2C6DB357006D8E7D /* ScheduleViewPresenterDelegate.swift */; };
		073C8C422C6DB8FC006D8E7D /* ScheduleCell.swift in Sources */ = {isa = PBXBuildFile; fileRef = 073C8C412C6DB8FC006D8E7D /* ScheduleCell.swift */; };
		073C8C442C6DBF89006D8E7D /* ScheduleCellModel.swift in Sources */ = {isa = PBXBuildFile; fileRef = 073C8C432C6DBF89006D8E7D /* ScheduleCellModel.swift */; };
		073C8C472C6DEB3E006D8E7D /* ScheduleCellDelegate.swift in Sources */ = {isa = PBXBuildFile; fileRef = 073C8C462C6DEB3E006D8E7D /* ScheduleCellDelegate.swift */; };
		07612F652C8CC3F800B4B563 /* OnboardingViewController.swift in Sources */ = {isa = PBXBuildFile; fileRef = 07612F642C8CC3F800B4B563 /* OnboardingViewController.swift */; };
		07612F6A2C8D9DE800B4B563 /* OnboardingViewPresenterProtocol.swift in Sources */ = {isa = PBXBuildFile; fileRef = 07612F692C8D9DE800B4B563 /* OnboardingViewPresenterProtocol.swift */; };
		07612F6C2C8E262700B4B563 /* OnboardingScreenAssembley.swift in Sources */ = {isa = PBXBuildFile; fileRef = 07612F6B2C8E262700B4B563 /* OnboardingScreenAssembley.swift */; };
		07612F6E2C8E268D00B4B563 /* OnboardingViewPresenter.swift in Sources */ = {isa = PBXBuildFile; fileRef = 07612F6D2C8E268D00B4B563 /* OnboardingViewPresenter.swift */; };
		07612F702C8E275000B4B563 /* OnboardingPageViewController.swift in Sources */ = {isa = PBXBuildFile; fileRef = 07612F6F2C8E275000B4B563 /* OnboardingPageViewController.swift */; };
		07612F722C8E290A00B4B563 /* OnboardingViewPresenterDelegate.swift in Sources */ = {isa = PBXBuildFile; fileRef = 07612F712C8E290A00B4B563 /* OnboardingViewPresenterDelegate.swift */; };
		0772CAE52C74AA6D00EDC654 /* NewTrackerViewControllerGeometricParams.swift in Sources */ = {isa = PBXBuildFile; fileRef = 0772CAE42C74AA6D00EDC654 /* NewTrackerViewControllerGeometricParams.swift */; };
		0772CAE72C74DA2D00EDC654 /* UIDevice+Extensions.swift in Sources */ = {isa = PBXBuildFile; fileRef = 0772CAE62C74DA2D00EDC654 /* UIDevice+Extensions.swift */; };
		0772CAE92C74EFA400EDC654 /* NewTrackerEmojiCell.swift in Sources */ = {isa = PBXBuildFile; fileRef = 0772CAE82C74EFA400EDC654 /* NewTrackerEmojiCell.swift */; };
		0772CAEB2C75E5C100EDC654 /* NewTrackerViewController+Extensions.swift in Sources */ = {isa = PBXBuildFile; fileRef = 0772CAEA2C75E5C100EDC654 /* NewTrackerViewController+Extensions.swift */; };
		0772CAEE2C75F14800EDC654 /* NewTrackerEmojiCellDelegate.swift in Sources */ = {isa = PBXBuildFile; fileRef = 0772CAED2C75F14800EDC654 /* NewTrackerEmojiCellDelegate.swift */; };
		0772CAF02C75F39400EDC654 /* NewTrackerEmojiCellModel.swift in Sources */ = {isa = PBXBuildFile; fileRef = 0772CAEF2C75F39400EDC654 /* NewTrackerEmojiCellModel.swift */; };
		0772CAF32C762A5700EDC654 /* NewTrackerColorCell.swift in Sources */ = {isa = PBXBuildFile; fileRef = 0772CAF22C762A5700EDC654 /* NewTrackerColorCell.swift */; };
		0772CAF52C762AB700EDC654 /* NewTrackerColorCellDelegate.swift in Sources */ = {isa = PBXBuildFile; fileRef = 0772CAF42C762AB700EDC654 /* NewTrackerColorCellDelegate.swift */; };
		0772CAF72C762C7300EDC654 /* NewTrackerColorCellModel.swift in Sources */ = {isa = PBXBuildFile; fileRef = 0772CAF62C762C7300EDC654 /* NewTrackerColorCellModel.swift */; };
		0772CB212C77179F00EDC654 /* Database.xcdatamodeld in Sources */ = {isa = PBXBuildFile; fileRef = 0772CB1F2C77179F00EDC654 /* Database.xcdatamodeld */; };
		0772CB232C77205700EDC654 /* UIColorToDataTransformer.swift in Sources */ = {isa = PBXBuildFile; fileRef = 0772CB222C77205700EDC654 /* UIColorToDataTransformer.swift */; };
		0772CB272C777E8100EDC654 /* Database.swift in Sources */ = {isa = PBXBuildFile; fileRef = 0772CB262C777E8000EDC654 /* Database.swift */; };
		079432A72C54D55900DDCE10 /* AppDelegate.swift in Sources */ = {isa = PBXBuildFile; fileRef = 079432A62C54D55900DDCE10 /* AppDelegate.swift */; };
		079432A92C54D55900DDCE10 /* SceneDelegate.swift in Sources */ = {isa = PBXBuildFile; fileRef = 079432A82C54D55900DDCE10 /* SceneDelegate.swift */; };
		079432B02C54D55B00DDCE10 /* Assets.xcassets in Resources */ = {isa = PBXBuildFile; fileRef = 079432AF2C54D55B00DDCE10 /* Assets.xcassets */; };
		079432B32C54D55B00DDCE10 /* Base in Resources */ = {isa = PBXBuildFile; fileRef = 079432B22C54D55B00DDCE10 /* Base */; };
		079432C52C55716700DDCE10 /* SplashViewController.swift in Sources */ = {isa = PBXBuildFile; fileRef = 079432C42C55716700DDCE10 /* SplashViewController.swift */; };
		079432C72C56031F00DDCE10 /* UIView+Extensions.swift in Sources */ = {isa = PBXBuildFile; fileRef = 079432C62C56031F00DDCE10 /* UIView+Extensions.swift */; };
		079432C92C560F5300DDCE10 /* Constants.swift in Sources */ = {isa = PBXBuildFile; fileRef = 079432C82C560F5300DDCE10 /* Constants.swift */; };
		079432CD2C5614D500DDCE10 /* TrackersViewController.swift in Sources */ = {isa = PBXBuildFile; fileRef = 079432CC2C5614D500DDCE10 /* TrackersViewController.swift */; };
		079432CF2C56159400DDCE10 /* StatisticsViewController.swift in Sources */ = {isa = PBXBuildFile; fileRef = 079432CE2C56159400DDCE10 /* StatisticsViewController.swift */; };
		079432D12C5617DD00DDCE10 /* TrackersViewPresenter.swift in Sources */ = {isa = PBXBuildFile; fileRef = 079432D02C5617DD00DDCE10 /* TrackersViewPresenter.swift */; };
		079432D42C56183000DDCE10 /* TrackersViewPresenterDelegate.swift in Sources */ = {isa = PBXBuildFile; fileRef = 079432D32C56183000DDCE10 /* TrackersViewPresenterDelegate.swift */; };
		079432D62C56184300DDCE10 /* TrackersViewPresenterProtocol.swift in Sources */ = {isa = PBXBuildFile; fileRef = 079432D52C56184300DDCE10 /* TrackersViewPresenterProtocol.swift */; };
		079432D92C561F6200DDCE10 /* StatisticsViewPresenter.swift in Sources */ = {isa = PBXBuildFile; fileRef = 079432D82C561F6200DDCE10 /* StatisticsViewPresenter.swift */; };
		079432DB2C561F7C00DDCE10 /* StatisticsViewPresenterProtocol.swift in Sources */ = {isa = PBXBuildFile; fileRef = 079432DA2C561F7C00DDCE10 /* StatisticsViewPresenterProtocol.swift */; };
		079432DD2C561F8F00DDCE10 /* StatisticsViewPresenterDelegate.swift in Sources */ = {isa = PBXBuildFile; fileRef = 079432DC2C561F8F00DDCE10 /* StatisticsViewPresenterDelegate.swift */; };
		079486622C99A83D00E875A1 /* XCAssets+Generated.swift in Sources */ = {isa = PBXBuildFile; fileRef = 079486612C99A83D00E875A1 /* XCAssets+Generated.swift */; };
		0797AE712CA49203009B8E0C /* SettingsStore.swift in Sources */ = {isa = PBXBuildFile; fileRef = 0797AE702CA491FF009B8E0C /* SettingsStore.swift */; };
		07982B772CA17322003C0E2B /* TrackersFilter.swift in Sources */ = {isa = PBXBuildFile; fileRef = 07982B762CA1731D003C0E2B /* TrackersFilter.swift */; };
		07982B7E2CA17A73003C0E2B /* TrackersFilterViewController.swift in Sources */ = {isa = PBXBuildFile; fileRef = 07982B7D2CA17A69003C0E2B /* TrackersFilterViewController.swift */; };
		07982B802CA17A7E003C0E2B /* TrackersFilterViewPresenter.swift in Sources */ = {isa = PBXBuildFile; fileRef = 07982B7F2CA17A77003C0E2B /* TrackersFilterViewPresenter.swift */; };
		07982B822CA17A97003C0E2B /* TrackersFilterScreenAssembley.swift in Sources */ = {isa = PBXBuildFile; fileRef = 07982B812CA17A8C003C0E2B /* TrackersFilterScreenAssembley.swift */; };
		07982B842CA17D70003C0E2B /* TrackersFilterViewPresenterProtocol.swift in Sources */ = {isa = PBXBuildFile; fileRef = 07982B832CA17D65003C0E2B /* TrackersFilterViewPresenterProtocol.swift */; };
		07982B862CA17DB3003C0E2B /* TrackersFilterViewControllerProtocol.swift in Sources */ = {isa = PBXBuildFile; fileRef = 07982B852CA17DAA003C0E2B /* TrackersFilterViewControllerProtocol.swift */; };
		07982B882CA17E6A003C0E2B /* TrackersFilterDelegate.swift in Sources */ = {isa = PBXBuildFile; fileRef = 07982B872CA17E5F003C0E2B /* TrackersFilterDelegate.swift */; };
		07982B8A2CA18DAC003C0E2B /* FilterCell.swift in Sources */ = {isa = PBXBuildFile; fileRef = 07982B892CA18DAA003C0E2B /* FilterCell.swift */; };
		07982B8C2CA18E57003C0E2B /* FilterCellModel.swift in Sources */ = {isa = PBXBuildFile; fileRef = 07982B8B2CA18E53003C0E2B /* FilterCellModel.swift */; };
		07982B8E2CA2920D003C0E2B /* RecordCounts.swift in Sources */ = {isa = PBXBuildFile; fileRef = 07982B8D2CA291F1003C0E2B /* RecordCounts.swift */; };
		07982B902CA29404003C0E2B /* TrackersListStubModel.swift in Sources */ = {isa = PBXBuildFile; fileRef = 07982B8F2CA293FC003C0E2B /* TrackersListStubModel.swift */; };
		07982BB72CA2AD69003C0E2B /* SnapshotTesting in Frameworks */ = {isa = PBXBuildFile; productRef = 07982BB62CA2AD69003C0E2B /* SnapshotTesting */; };
		07A21C272C97FFFD00BEA576 /* DaysFormatter.swift in Sources */ = {isa = PBXBuildFile; fileRef = 07A21C262C97FFFD00BEA576 /* DaysFormatter.swift */; };
		07A8C48D2C7F2816002EC584 /* TrackerStoreProtocol.swift in Sources */ = {isa = PBXBuildFile; fileRef = 07A8C48C2C7F2816002EC584 /* TrackerStoreProtocol.swift */; };
		07AA9E9F2C85BD34005C3724 /* TrackerStoreDelegate.swift in Sources */ = {isa = PBXBuildFile; fileRef = 07AA9E9E2C85BD34005C3724 /* TrackerStoreDelegate.swift */; };
		07ADBA882C67D62B000BC87F /* UIImpactFeedbackGenerator+Extensions.swift in Sources */ = {isa = PBXBuildFile; fileRef = 07ADBA872C67D62B000BC87F /* UIImpactFeedbackGenerator+Extensions.swift */; };
		07ADBA8A2C67F823000BC87F /* Date+Extensions.swift in Sources */ = {isa = PBXBuildFile; fileRef = 07ADBA892C67F822000BC87F /* Date+Extensions.swift */; };
		07C20A922C6E569D00463177 /* UITabBar+Extensions.swift in Sources */ = {isa = PBXBuildFile; fileRef = 07C20A912C6E569D00463177 /* UITabBar+Extensions.swift */; };
		07D1B2102C627B5F003BCD19 /* Weekday.swift in Sources */ = {isa = PBXBuildFile; fileRef = 07D1B20F2C627B5F003BCD19 /* Weekday.swift */; };
		07D1B2122C63A637003BCD19 /* TrackersCollectionViewCell.swift in Sources */ = {isa = PBXBuildFile; fileRef = 07D1B2112C63A637003BCD19 /* TrackersCollectionViewCell.swift */; };
		07D1B2142C63C544003BCD19 /* UICollectionViewCellGeometricParams.swift in Sources */ = {isa = PBXBuildFile; fileRef = 07D1B2132C63C544003BCD19 /* UICollectionViewCellGeometricParams.swift */; };
		07D1B2162C63D2A0003BCD19 /* Array+Extensions.swift in Sources */ = {isa = PBXBuildFile; fileRef = 07D1B2152C63D2A0003BCD19 /* Array+Extensions.swift */; };
		07D1B2182C63D671003BCD19 /* TrackersCellViewModel.swift in Sources */ = {isa = PBXBuildFile; fileRef = 07D1B2172C63D671003BCD19 /* TrackersCellViewModel.swift */; };
		07D330B02CA2CCD600715D75 /* StatisticsCellViewModel.swift in Sources */ = {isa = PBXBuildFile; fileRef = 07D330AF2CA2CCD000715D75 /* StatisticsCellViewModel.swift */; };
		07D330B22CA2CD4100715D75 /* StatisticsCollectionViewCell.swift in Sources */ = {isa = PBXBuildFile; fileRef = 07D330B12CA2CD3600715D75 /* StatisticsCollectionViewCell.swift */; };
		07D330B42CA2D13800715D75 /* StatisticsType.swift in Sources */ = {isa = PBXBuildFile; fileRef = 07D330B32CA2D13100715D75 /* StatisticsType.swift */; };
		07D330B62CA2D29C00715D75 /* StatisticsElement.swift in Sources */ = {isa = PBXBuildFile; fileRef = 07D330B52CA2D28C00715D75 /* StatisticsElement.swift */; };
		07D330C02CA3542000715D75 /* TrackerStoreUpdate.swift in Sources */ = {isa = PBXBuildFile; fileRef = 07D330BF2CA3541D00715D75 /* TrackerStoreUpdate.swift */; };
		07D989722C68764500CF9B3E /* TrackersCollectionHeaderView.swift in Sources */ = {isa = PBXBuildFile; fileRef = 07D989712C68764500CF9B3E /* TrackersCollectionHeaderView.swift */; };
		07D989742C68FB6D00CF9B3E /* AddTrackerViewController.swift in Sources */ = {isa = PBXBuildFile; fileRef = 07D989732C68FB6D00CF9B3E /* AddTrackerViewController.swift */; };
		07D989762C68FC6400CF9B3E /* AddTrackerViewPresenter.swift in Sources */ = {isa = PBXBuildFile; fileRef = 07D989752C68FC6400CF9B3E /* AddTrackerViewPresenter.swift */; };
		07D989782C69018C00CF9B3E /* AddTrackerViewPresenterProtocol.swift in Sources */ = {isa = PBXBuildFile; fileRef = 07D989772C69018C00CF9B3E /* AddTrackerViewPresenterProtocol.swift */; };
		07D9897B2C69023900CF9B3E /* AddTrackerViewPresenterDelegate.swift in Sources */ = {isa = PBXBuildFile; fileRef = 07D9897A2C69023900CF9B3E /* AddTrackerViewPresenterDelegate.swift */; };
		07DAD3FF2C5A9398001F4150 /* Tracker.swift in Sources */ = {isa = PBXBuildFile; fileRef = 07DAD3FE2C5A9398001F4150 /* Tracker.swift */; };
		07DAD4032C5A93B2001F4150 /* TrackerRecord.swift in Sources */ = {isa = PBXBuildFile; fileRef = 07DAD4022C5A93B2001F4150 /* TrackerRecord.swift */; };
		07EA45A92C661D500074306C /* Int+Extensions.swift in Sources */ = {isa = PBXBuildFile; fileRef = 07EA45A82C661D4F0074306C /* Int+Extensions.swift */; };
		07EA45AC2C6677D30074306C /* TrackersCollectionViewCellDelegate.swift in Sources */ = {isa = PBXBuildFile; fileRef = 07EA45AB2C6677D30074306C /* TrackersCollectionViewCellDelegate.swift */; };
		07FD68792C787D10004A8794 /* TrackerCategoryStore.swift in Sources */ = {isa = PBXBuildFile; fileRef = 07FD68782C787D10004A8794 /* TrackerCategoryStore.swift */; };
		07FD687B2C787E37004A8794 /* TrackerStore.swift in Sources */ = {isa = PBXBuildFile; fileRef = 07FD687A2C787E37004A8794 /* TrackerStore.swift */; };
		07FD687D2C787E56004A8794 /* TrackerRecordStore.swift in Sources */ = {isa = PBXBuildFile; fileRef = 07FD687C2C787E56004A8794 /* TrackerRecordStore.swift */; };
/* End PBXBuildFile section */

/* Begin PBXContainerItemProxy section */
		07982BB02CA2ABFA003C0E2B /* PBXContainerItemProxy */ = {
			isa = PBXContainerItemProxy;
			containerPortal = 0794329B2C54D55900DDCE10 /* Project object */;
			proxyType = 1;
			remoteGlobalIDString = 079432A22C54D55900DDCE10;
			remoteInfo = Tracker;
		};
/* End PBXContainerItemProxy section */

/* Begin PBXFileReference section */
		0700E1912C709E2100DAA89C /* InsetLabel.swift */ = {isa = PBXFileReference; fileEncoding = 4; lastKnownFileType = sourcecode.swift; path = InsetLabel.swift; sourceTree = "<group>"; };
		0700E1992C70B7EB00DAA89C /* Router.swift */ = {isa = PBXFileReference; lastKnownFileType = sourcecode.swift; path = Router.swift; sourceTree = "<group>"; };
		0700E19C2C71BA6100DAA89C /* AddTrackerScreenAssembley.swift */ = {isa = PBXFileReference; lastKnownFileType = sourcecode.swift; path = AddTrackerScreenAssembley.swift; sourceTree = "<group>"; };
		0700E19E2C71C3A700DAA89C /* AddTrackerViewControllerDelegate.swift */ = {isa = PBXFileReference; lastKnownFileType = sourcecode.swift; path = AddTrackerViewControllerDelegate.swift; sourceTree = "<group>"; };
		0700E1A12C71C88C00DAA89C /* NewTrackerScreenAssembley.swift */ = {isa = PBXFileReference; lastKnownFileType = sourcecode.swift; path = NewTrackerScreenAssembley.swift; sourceTree = "<group>"; };
		0700E1A42C71D7EC00DAA89C /* ScheduleScreenAssembley.swift */ = {isa = PBXFileReference; lastKnownFileType = sourcecode.swift; path = ScheduleScreenAssembley.swift; sourceTree = "<group>"; };
		072697BB2C8EF20B00386B3F /* OnboardingPage.swift */ = {isa = PBXFileReference; lastKnownFileType = sourcecode.swift; path = OnboardingPage.swift; sourceTree = "<group>"; };
		072697BE2C8F035400386B3F /* TrackersScreenAssembley.swift */ = {isa = PBXFileReference; lastKnownFileType = sourcecode.swift; path = TrackersScreenAssembley.swift; sourceTree = "<group>"; };
		072697E72C8F3CFB00386B3F /* CategoriesViewController.swift */ = {isa = PBXFileReference; lastKnownFileType = sourcecode.swift; path = CategoriesViewController.swift; sourceTree = "<group>"; };
		072697E92C8F3F5B00386B3F /* CategoriesScreenAssembley.swift */ = {isa = PBXFileReference; lastKnownFileType = sourcecode.swift; path = CategoriesScreenAssembley.swift; sourceTree = "<group>"; };
		072697EB2C8F418E00386B3F /* CategoriesViewModel.swift */ = {isa = PBXFileReference; lastKnownFileType = sourcecode.swift; path = CategoriesViewModel.swift; sourceTree = "<group>"; };
		072697EF2C8F441600386B3F /* CategoriesViewModelProtocol.swift */ = {isa = PBXFileReference; lastKnownFileType = sourcecode.swift; path = CategoriesViewModelProtocol.swift; sourceTree = "<group>"; };
		072697F12C9062BB00386B3F /* TrackerCategoryProtocol.swift */ = {isa = PBXFileReference; lastKnownFileType = sourcecode.swift; path = TrackerCategoryProtocol.swift; sourceTree = "<group>"; };
		072697F32C9064F700386B3F /* TrackerCategoryStoreDelegate.swift */ = {isa = PBXFileReference; lastKnownFileType = sourcecode.swift; path = TrackerCategoryStoreDelegate.swift; sourceTree = "<group>"; };
		072697F52C90653100386B3F /* TrackerCategoryStoreUpdate.swift */ = {isa = PBXFileReference; lastKnownFileType = sourcecode.swift; path = TrackerCategoryStoreUpdate.swift; sourceTree = "<group>"; };
		072697FA2C906B8F00386B3F /* CategoryCellModel.swift */ = {isa = PBXFileReference; lastKnownFileType = sourcecode.swift; path = CategoryCellModel.swift; sourceTree = "<group>"; };
		072697FD2C90725D00386B3F /* CategoryCell.swift */ = {isa = PBXFileReference; lastKnownFileType = sourcecode.swift; path = CategoryCell.swift; sourceTree = "<group>"; };
		072697FF2C90AD8F00386B3F /* Binding.swift */ = {isa = PBXFileReference; lastKnownFileType = sourcecode.swift; path = Binding.swift; sourceTree = "<group>"; };
		072698062C91817600386B3F /* NewCategoryViewController.swift */ = {isa = PBXFileReference; lastKnownFileType = sourcecode.swift; path = NewCategoryViewController.swift; sourceTree = "<group>"; };
		072698082C9185E100386B3F /* NewCategoryViewModel.swift */ = {isa = PBXFileReference; lastKnownFileType = sourcecode.swift; path = NewCategoryViewModel.swift; sourceTree = "<group>"; };
		0726980A2C91865C00386B3F /* NewCategoryViewModelProtocol.swift */ = {isa = PBXFileReference; lastKnownFileType = sourcecode.swift; path = NewCategoryViewModelProtocol.swift; sourceTree = "<group>"; };
		0726980C2C91872C00386B3F /* NewCategoryScreenAssembley.swift */ = {isa = PBXFileReference; lastKnownFileType = sourcecode.swift; path = NewCategoryScreenAssembley.swift; sourceTree = "<group>"; };
		0726980E2C91882C00386B3F /* NewCategoryModel.swift */ = {isa = PBXFileReference; lastKnownFileType = sourcecode.swift; path = NewCategoryModel.swift; sourceTree = "<group>"; };
		072698122C91AAD700386B3F /* TrackerCategoryError.swift */ = {isa = PBXFileReference; lastKnownFileType = sourcecode.swift; path = TrackerCategoryError.swift; sourceTree = "<group>"; };
		072C09772C9ACE3000273BFB /* ru */ = {isa = PBXFileReference; lastKnownFileType = text.plist.strings; name = ru; path = ru.lproj/Localizable.strings; sourceTree = "<group>"; };
		072C097A2C9ACE8600273BFB /* en */ = {isa = PBXFileReference; lastKnownFileType = text.plist.strings; name = en; path = en.lproj/Localizable.strings; sourceTree = "<group>"; };
		072C097B2C9AD3E700273BFB /* Strings+Generated.swift */ = {isa = PBXFileReference; lastKnownFileType = sourcecode.swift; path = "Strings+Generated.swift"; sourceTree = "<group>"; };
		072C09B32C9C542C00273BFB /* AnalyticsService.swift */ = {isa = PBXFileReference; lastKnownFileType = sourcecode.swift; path = AnalyticsService.swift; sourceTree = "<group>"; };
		072C09D82C9E8B0B00273BFB /* EditTrackerScreenAssembley.swift */ = {isa = PBXFileReference; lastKnownFileType = sourcecode.swift; path = EditTrackerScreenAssembley.swift; sourceTree = "<group>"; };
		073C8C222C6A2F10006D8E7D /* NewTrackerViewController.swift */ = {isa = PBXFileReference; lastKnownFileType = sourcecode.swift; path = NewTrackerViewController.swift; sourceTree = "<group>"; };
		073C8C242C6A2F1B006D8E7D /* NewTrackerViewPresenter.swift */ = {isa = PBXFileReference; lastKnownFileType = sourcecode.swift; path = NewTrackerViewPresenter.swift; sourceTree = "<group>"; };
		073C8C262C6A2F2A006D8E7D /* NewTrackerViewPresenterProtocol.swift */ = {isa = PBXFileReference; lastKnownFileType = sourcecode.swift; path = NewTrackerViewPresenterProtocol.swift; sourceTree = "<group>"; };
		073C8C292C6A34DD006D8E7D /* NewTrackerViewPresenterDelegate.swift */ = {isa = PBXFileReference; lastKnownFileType = sourcecode.swift; path = NewTrackerViewPresenterDelegate.swift; sourceTree = "<group>"; };
		073C8C2B2C6A46B7006D8E7D /* TrackerType.swift */ = {isa = PBXFileReference; lastKnownFileType = sourcecode.swift; path = TrackerType.swift; sourceTree = "<group>"; };
		073C8C2D2C6B3207006D8E7D /* UIViewController+Extensions.swift */ = {isa = PBXFileReference; lastKnownFileType = sourcecode.swift; path = "UIViewController+Extensions.swift"; sourceTree = "<group>"; };
		073C8C312C6D0C29006D8E7D /* TrackerButtonsCell.swift */ = {isa = PBXFileReference; lastKnownFileType = sourcecode.swift; path = TrackerButtonsCell.swift; sourceTree = "<group>"; };
		073C8C332C6D11F7006D8E7D /* UITableView+Extensions.swift */ = {isa = PBXFileReference; lastKnownFileType = sourcecode.swift; path = "UITableView+Extensions.swift"; sourceTree = "<group>"; };
		073C8C382C6DB039006D8E7D /* ScheduleViewController.swift */ = {isa = PBXFileReference; lastKnownFileType = sourcecode.swift; path = ScheduleViewController.swift; sourceTree = "<group>"; };
		073C8C3A2C6DB04B006D8E7D /* ScheduleViewPresenter.swift */ = {isa = PBXFileReference; lastKnownFileType = sourcecode.swift; path = ScheduleViewPresenter.swift; sourceTree = "<group>"; };
		073C8C3C2C6DB1F8006D8E7D /* ScheduleViewPresenterProtocol.swift */ = {isa = PBXFileReference; lastKnownFileType = sourcecode.swift; path = ScheduleViewPresenterProtocol.swift; sourceTree = "<group>"; };
		073C8C3F2C6DB357006D8E7D /* ScheduleViewPresenterDelegate.swift */ = {isa = PBXFileReference; lastKnownFileType = sourcecode.swift; path = ScheduleViewPresenterDelegate.swift; sourceTree = "<group>"; };
		073C8C412C6DB8FC006D8E7D /* ScheduleCell.swift */ = {isa = PBXFileReference; lastKnownFileType = sourcecode.swift; path = ScheduleCell.swift; sourceTree = "<group>"; };
		073C8C432C6DBF89006D8E7D /* ScheduleCellModel.swift */ = {isa = PBXFileReference; lastKnownFileType = sourcecode.swift; path = ScheduleCellModel.swift; sourceTree = "<group>"; };
		073C8C462C6DEB3E006D8E7D /* ScheduleCellDelegate.swift */ = {isa = PBXFileReference; lastKnownFileType = sourcecode.swift; path = ScheduleCellDelegate.swift; sourceTree = "<group>"; };
		07612F642C8CC3F800B4B563 /* OnboardingViewController.swift */ = {isa = PBXFileReference; lastKnownFileType = sourcecode.swift; path = OnboardingViewController.swift; sourceTree = "<group>"; };
		07612F692C8D9DE800B4B563 /* OnboardingViewPresenterProtocol.swift */ = {isa = PBXFileReference; lastKnownFileType = sourcecode.swift; path = OnboardingViewPresenterProtocol.swift; sourceTree = "<group>"; };
		07612F6B2C8E262700B4B563 /* OnboardingScreenAssembley.swift */ = {isa = PBXFileReference; lastKnownFileType = sourcecode.swift; path = OnboardingScreenAssembley.swift; sourceTree = "<group>"; };
		07612F6D2C8E268D00B4B563 /* OnboardingViewPresenter.swift */ = {isa = PBXFileReference; lastKnownFileType = sourcecode.swift; path = OnboardingViewPresenter.swift; sourceTree = "<group>"; };
		07612F6F2C8E275000B4B563 /* OnboardingPageViewController.swift */ = {isa = PBXFileReference; lastKnownFileType = sourcecode.swift; path = OnboardingPageViewController.swift; sourceTree = "<group>"; };
		07612F712C8E290A00B4B563 /* OnboardingViewPresenterDelegate.swift */ = {isa = PBXFileReference; lastKnownFileType = sourcecode.swift; path = OnboardingViewPresenterDelegate.swift; sourceTree = "<group>"; };
		0772CAE42C74AA6D00EDC654 /* NewTrackerViewControllerGeometricParams.swift */ = {isa = PBXFileReference; lastKnownFileType = sourcecode.swift; path = NewTrackerViewControllerGeometricParams.swift; sourceTree = "<group>"; };
		0772CAE62C74DA2D00EDC654 /* UIDevice+Extensions.swift */ = {isa = PBXFileReference; lastKnownFileType = sourcecode.swift; path = "UIDevice+Extensions.swift"; sourceTree = "<group>"; };
		0772CAE82C74EFA400EDC654 /* NewTrackerEmojiCell.swift */ = {isa = PBXFileReference; lastKnownFileType = sourcecode.swift; path = NewTrackerEmojiCell.swift; sourceTree = "<group>"; };
		0772CAEA2C75E5C100EDC654 /* NewTrackerViewController+Extensions.swift */ = {isa = PBXFileReference; lastKnownFileType = sourcecode.swift; path = "NewTrackerViewController+Extensions.swift"; sourceTree = "<group>"; };
		0772CAED2C75F14800EDC654 /* NewTrackerEmojiCellDelegate.swift */ = {isa = PBXFileReference; lastKnownFileType = sourcecode.swift; path = NewTrackerEmojiCellDelegate.swift; sourceTree = "<group>"; };
		0772CAEF2C75F39400EDC654 /* NewTrackerEmojiCellModel.swift */ = {isa = PBXFileReference; lastKnownFileType = sourcecode.swift; path = NewTrackerEmojiCellModel.swift; sourceTree = "<group>"; };
		0772CAF22C762A5700EDC654 /* NewTrackerColorCell.swift */ = {isa = PBXFileReference; lastKnownFileType = sourcecode.swift; path = NewTrackerColorCell.swift; sourceTree = "<group>"; };
		0772CAF42C762AB700EDC654 /* NewTrackerColorCellDelegate.swift */ = {isa = PBXFileReference; lastKnownFileType = sourcecode.swift; path = NewTrackerColorCellDelegate.swift; sourceTree = "<group>"; };
		0772CAF62C762C7300EDC654 /* NewTrackerColorCellModel.swift */ = {isa = PBXFileReference; lastKnownFileType = sourcecode.swift; path = NewTrackerColorCellModel.swift; sourceTree = "<group>"; };
		0772CB202C77179F00EDC654 /* Database.xcdatamodel */ = {isa = PBXFileReference; lastKnownFileType = wrapper.xcdatamodel; path = Database.xcdatamodel; sourceTree = "<group>"; };
		0772CB222C77205700EDC654 /* UIColorToDataTransformer.swift */ = {isa = PBXFileReference; lastKnownFileType = sourcecode.swift; path = UIColorToDataTransformer.swift; sourceTree = "<group>"; };
		0772CB262C777E8000EDC654 /* Database.swift */ = {isa = PBXFileReference; lastKnownFileType = sourcecode.swift; path = Database.swift; sourceTree = "<group>"; };
		079432A32C54D55900DDCE10 /* Tracker.app */ = {isa = PBXFileReference; explicitFileType = wrapper.application; includeInIndex = 0; path = Tracker.app; sourceTree = BUILT_PRODUCTS_DIR; };
		079432A62C54D55900DDCE10 /* AppDelegate.swift */ = {isa = PBXFileReference; lastKnownFileType = sourcecode.swift; path = AppDelegate.swift; sourceTree = "<group>"; };
		079432A82C54D55900DDCE10 /* SceneDelegate.swift */ = {isa = PBXFileReference; lastKnownFileType = sourcecode.swift; path = SceneDelegate.swift; sourceTree = "<group>"; };
		079432AF2C54D55B00DDCE10 /* Assets.xcassets */ = {isa = PBXFileReference; lastKnownFileType = folder.assetcatalog; path = Assets.xcassets; sourceTree = "<group>"; };
		079432B22C54D55B00DDCE10 /* Base */ = {isa = PBXFileReference; lastKnownFileType = file.storyboard; name = Base; path = Base.lproj/LaunchScreen.storyboard; sourceTree = "<group>"; };
		079432B42C54D55B00DDCE10 /* Info.plist */ = {isa = PBXFileReference; lastKnownFileType = text.plist.xml; path = Info.plist; sourceTree = "<group>"; };
		079432C42C55716700DDCE10 /* SplashViewController.swift */ = {isa = PBXFileReference; lastKnownFileType = sourcecode.swift; path = SplashViewController.swift; sourceTree = "<group>"; };
		079432C62C56031F00DDCE10 /* UIView+Extensions.swift */ = {isa = PBXFileReference; lastKnownFileType = sourcecode.swift; path = "UIView+Extensions.swift"; sourceTree = "<group>"; };
		079432C82C560F5300DDCE10 /* Constants.swift */ = {isa = PBXFileReference; lastKnownFileType = sourcecode.swift; path = Constants.swift; sourceTree = "<group>"; };
		079432CC2C5614D500DDCE10 /* TrackersViewController.swift */ = {isa = PBXFileReference; lastKnownFileType = sourcecode.swift; path = TrackersViewController.swift; sourceTree = "<group>"; };
		079432CE2C56159400DDCE10 /* StatisticsViewController.swift */ = {isa = PBXFileReference; lastKnownFileType = sourcecode.swift; path = StatisticsViewController.swift; sourceTree = "<group>"; };
		079432D02C5617DD00DDCE10 /* TrackersViewPresenter.swift */ = {isa = PBXFileReference; lastKnownFileType = sourcecode.swift; path = TrackersViewPresenter.swift; sourceTree = "<group>"; };
		079432D32C56183000DDCE10 /* TrackersViewPresenterDelegate.swift */ = {isa = PBXFileReference; lastKnownFileType = sourcecode.swift; path = TrackersViewPresenterDelegate.swift; sourceTree = "<group>"; };
		079432D52C56184300DDCE10 /* TrackersViewPresenterProtocol.swift */ = {isa = PBXFileReference; lastKnownFileType = sourcecode.swift; path = TrackersViewPresenterProtocol.swift; sourceTree = "<group>"; };
		079432D82C561F6200DDCE10 /* StatisticsViewPresenter.swift */ = {isa = PBXFileReference; lastKnownFileType = sourcecode.swift; path = StatisticsViewPresenter.swift; sourceTree = "<group>"; };
		079432DA2C561F7C00DDCE10 /* StatisticsViewPresenterProtocol.swift */ = {isa = PBXFileReference; lastKnownFileType = sourcecode.swift; path = StatisticsViewPresenterProtocol.swift; sourceTree = "<group>"; };
		079432DC2C561F8F00DDCE10 /* StatisticsViewPresenterDelegate.swift */ = {isa = PBXFileReference; lastKnownFileType = sourcecode.swift; path = StatisticsViewPresenterDelegate.swift; sourceTree = "<group>"; };
		079486612C99A83D00E875A1 /* XCAssets+Generated.swift */ = {isa = PBXFileReference; lastKnownFileType = sourcecode.swift; path = "XCAssets+Generated.swift"; sourceTree = "<group>"; };
		0797AE702CA491FF009B8E0C /* SettingsStore.swift */ = {isa = PBXFileReference; lastKnownFileType = sourcecode.swift; path = SettingsStore.swift; sourceTree = "<group>"; };
		07982B762CA1731D003C0E2B /* TrackersFilter.swift */ = {isa = PBXFileReference; lastKnownFileType = sourcecode.swift; path = TrackersFilter.swift; sourceTree = "<group>"; };
		07982B7D2CA17A69003C0E2B /* TrackersFilterViewController.swift */ = {isa = PBXFileReference; lastKnownFileType = sourcecode.swift; path = TrackersFilterViewController.swift; sourceTree = "<group>"; };
		07982B7F2CA17A77003C0E2B /* TrackersFilterViewPresenter.swift */ = {isa = PBXFileReference; lastKnownFileType = sourcecode.swift; path = TrackersFilterViewPresenter.swift; sourceTree = "<group>"; };
		07982B812CA17A8C003C0E2B /* TrackersFilterScreenAssembley.swift */ = {isa = PBXFileReference; lastKnownFileType = sourcecode.swift; path = TrackersFilterScreenAssembley.swift; sourceTree = "<group>"; };
		07982B832CA17D65003C0E2B /* TrackersFilterViewPresenterProtocol.swift */ = {isa = PBXFileReference; lastKnownFileType = sourcecode.swift; path = TrackersFilterViewPresenterProtocol.swift; sourceTree = "<group>"; };
		07982B852CA17DAA003C0E2B /* TrackersFilterViewControllerProtocol.swift */ = {isa = PBXFileReference; lastKnownFileType = sourcecode.swift; path = TrackersFilterViewControllerProtocol.swift; sourceTree = "<group>"; };
		07982B872CA17E5F003C0E2B /* TrackersFilterDelegate.swift */ = {isa = PBXFileReference; lastKnownFileType = sourcecode.swift; path = TrackersFilterDelegate.swift; sourceTree = "<group>"; };
		07982B892CA18DAA003C0E2B /* FilterCell.swift */ = {isa = PBXFileReference; lastKnownFileType = sourcecode.swift; path = FilterCell.swift; sourceTree = "<group>"; };
		07982B8B2CA18E53003C0E2B /* FilterCellModel.swift */ = {isa = PBXFileReference; lastKnownFileType = sourcecode.swift; path = FilterCellModel.swift; sourceTree = "<group>"; };
		07982B8D2CA291F1003C0E2B /* RecordCounts.swift */ = {isa = PBXFileReference; lastKnownFileType = sourcecode.swift; path = RecordCounts.swift; sourceTree = "<group>"; };
		07982B8F2CA293FC003C0E2B /* TrackersListStubModel.swift */ = {isa = PBXFileReference; lastKnownFileType = sourcecode.swift; path = TrackersListStubModel.swift; sourceTree = "<group>"; };
		07982BAC2CA2ABFA003C0E2B /* ScreenshotTests.xctest */ = {isa = PBXFileReference; explicitFileType = wrapper.cfbundle; includeInIndex = 0; path = ScreenshotTests.xctest; sourceTree = BUILT_PRODUCTS_DIR; };
		07A21C262C97FFFD00BEA576 /* DaysFormatter.swift */ = {isa = PBXFileReference; lastKnownFileType = sourcecode.swift; path = DaysFormatter.swift; sourceTree = "<group>"; };
		07A8C48C2C7F2816002EC584 /* TrackerStoreProtocol.swift */ = {isa = PBXFileReference; lastKnownFileType = sourcecode.swift; path = TrackerStoreProtocol.swift; sourceTree = "<group>"; };
		07AA9E9E2C85BD34005C3724 /* TrackerStoreDelegate.swift */ = {isa = PBXFileReference; lastKnownFileType = sourcecode.swift; path = TrackerStoreDelegate.swift; sourceTree = "<group>"; };
		07ADBA872C67D62B000BC87F /* UIImpactFeedbackGenerator+Extensions.swift */ = {isa = PBXFileReference; lastKnownFileType = sourcecode.swift; path = "UIImpactFeedbackGenerator+Extensions.swift"; sourceTree = "<group>"; };
		07ADBA892C67F822000BC87F /* Date+Extensions.swift */ = {isa = PBXFileReference; lastKnownFileType = sourcecode.swift; path = "Date+Extensions.swift"; sourceTree = "<group>"; };
		07C20A912C6E569D00463177 /* UITabBar+Extensions.swift */ = {isa = PBXFileReference; lastKnownFileType = sourcecode.swift; path = "UITabBar+Extensions.swift"; sourceTree = "<group>"; };
		07D1B20F2C627B5F003BCD19 /* Weekday.swift */ = {isa = PBXFileReference; lastKnownFileType = sourcecode.swift; path = Weekday.swift; sourceTree = "<group>"; };
		07D1B2112C63A637003BCD19 /* TrackersCollectionViewCell.swift */ = {isa = PBXFileReference; lastKnownFileType = sourcecode.swift; path = TrackersCollectionViewCell.swift; sourceTree = "<group>"; };
		07D1B2132C63C544003BCD19 /* UICollectionViewCellGeometricParams.swift */ = {isa = PBXFileReference; lastKnownFileType = sourcecode.swift; path = UICollectionViewCellGeometricParams.swift; sourceTree = "<group>"; };
		07D1B2152C63D2A0003BCD19 /* Array+Extensions.swift */ = {isa = PBXFileReference; fileEncoding = 4; lastKnownFileType = sourcecode.swift; path = "Array+Extensions.swift"; sourceTree = "<group>"; };
		07D1B2172C63D671003BCD19 /* TrackersCellViewModel.swift */ = {isa = PBXFileReference; lastKnownFileType = sourcecode.swift; path = TrackersCellViewModel.swift; sourceTree = "<group>"; };
		07D330AF2CA2CCD000715D75 /* StatisticsCellViewModel.swift */ = {isa = PBXFileReference; lastKnownFileType = sourcecode.swift; path = StatisticsCellViewModel.swift; sourceTree = "<group>"; };
		07D330B12CA2CD3600715D75 /* StatisticsCollectionViewCell.swift */ = {isa = PBXFileReference; lastKnownFileType = sourcecode.swift; path = StatisticsCollectionViewCell.swift; sourceTree = "<group>"; };
		07D330B32CA2D13100715D75 /* StatisticsType.swift */ = {isa = PBXFileReference; lastKnownFileType = sourcecode.swift; path = StatisticsType.swift; sourceTree = "<group>"; };
		07D330B52CA2D28C00715D75 /* StatisticsElement.swift */ = {isa = PBXFileReference; lastKnownFileType = sourcecode.swift; path = StatisticsElement.swift; sourceTree = "<group>"; };
		07D330BF2CA3541D00715D75 /* TrackerStoreUpdate.swift */ = {isa = PBXFileReference; lastKnownFileType = sourcecode.swift; path = TrackerStoreUpdate.swift; sourceTree = "<group>"; };
		07D989712C68764500CF9B3E /* TrackersCollectionHeaderView.swift */ = {isa = PBXFileReference; lastKnownFileType = sourcecode.swift; path = TrackersCollectionHeaderView.swift; sourceTree = "<group>"; };
		07D989732C68FB6D00CF9B3E /* AddTrackerViewController.swift */ = {isa = PBXFileReference; lastKnownFileType = sourcecode.swift; path = AddTrackerViewController.swift; sourceTree = "<group>"; };
		07D989752C68FC6400CF9B3E /* AddTrackerViewPresenter.swift */ = {isa = PBXFileReference; lastKnownFileType = sourcecode.swift; path = AddTrackerViewPresenter.swift; sourceTree = "<group>"; };
		07D989772C69018C00CF9B3E /* AddTrackerViewPresenterProtocol.swift */ = {isa = PBXFileReference; lastKnownFileType = sourcecode.swift; path = AddTrackerViewPresenterProtocol.swift; sourceTree = "<group>"; };
		07D9897A2C69023900CF9B3E /* AddTrackerViewPresenterDelegate.swift */ = {isa = PBXFileReference; lastKnownFileType = sourcecode.swift; path = AddTrackerViewPresenterDelegate.swift; sourceTree = "<group>"; };
		07DAD3FE2C5A9398001F4150 /* Tracker.swift */ = {isa = PBXFileReference; lastKnownFileType = sourcecode.swift; path = Tracker.swift; sourceTree = "<group>"; };
		07DAD4022C5A93B2001F4150 /* TrackerRecord.swift */ = {isa = PBXFileReference; lastKnownFileType = sourcecode.swift; path = TrackerRecord.swift; sourceTree = "<group>"; };
		07EA45A82C661D4F0074306C /* Int+Extensions.swift */ = {isa = PBXFileReference; fileEncoding = 4; lastKnownFileType = sourcecode.swift; path = "Int+Extensions.swift"; sourceTree = "<group>"; };
		07EA45AB2C6677D30074306C /* TrackersCollectionViewCellDelegate.swift */ = {isa = PBXFileReference; lastKnownFileType = sourcecode.swift; path = TrackersCollectionViewCellDelegate.swift; sourceTree = "<group>"; };
		07FD68782C787D10004A8794 /* TrackerCategoryStore.swift */ = {isa = PBXFileReference; lastKnownFileType = sourcecode.swift; path = TrackerCategoryStore.swift; sourceTree = "<group>"; };
		07FD687A2C787E37004A8794 /* TrackerStore.swift */ = {isa = PBXFileReference; lastKnownFileType = sourcecode.swift; path = TrackerStore.swift; sourceTree = "<group>"; };
		07FD687C2C787E56004A8794 /* TrackerRecordStore.swift */ = {isa = PBXFileReference; lastKnownFileType = sourcecode.swift; path = TrackerRecordStore.swift; sourceTree = "<group>"; };
/* End PBXFileReference section */

/* Begin PBXFileSystemSynchronizedRootGroup section */
		07982BAD2CA2ABFA003C0E2B /* ScreenshotTests */ = {isa = PBXFileSystemSynchronizedRootGroup; explicitFileTypes = {}; explicitFolders = (); path = ScreenshotTests; sourceTree = "<group>"; };
/* End PBXFileSystemSynchronizedRootGroup section */

/* Begin PBXFrameworksBuildPhase section */
		079432A02C54D55900DDCE10 /* Frameworks */ = {
			isa = PBXFrameworksBuildPhase;
			buildActionMask = 2147483647;
			files = (
				072C09B22C9C51A200273BFB /* AppMetricaLibraryAdapter in Frameworks */,
				072C09B02C9C51A200273BFB /* AppMetricaCrashes in Frameworks */,
				072C09AC2C9C51A200273BFB /* AppMetricaAdSupport in Frameworks */,
				072C09AE2C9C51A200273BFB /* AppMetricaCore in Frameworks */,
			);
			runOnlyForDeploymentPostprocessing = 0;
		};
		07982BA92CA2ABFA003C0E2B /* Frameworks */ = {
			isa = PBXFrameworksBuildPhase;
			buildActionMask = 2147483647;
			files = (
				07982BB72CA2AD69003C0E2B /* SnapshotTesting in Frameworks */,
			);
			runOnlyForDeploymentPostprocessing = 0;
		};
/* End PBXFrameworksBuildPhase section */

/* Begin PBXGroup section */
		0700E1932C70B3AD00DAA89C /* View */ = {
			isa = PBXGroup;
			children = (
				079432CC2C5614D500DDCE10 /* TrackersViewController.swift */,
				07D989712C68764500CF9B3E /* TrackersCollectionHeaderView.swift */,
				07EA45AA2C6677990074306C /* TrackersCollectionViewCell */,
			);
			path = View;
			sourceTree = "<group>";
		};
		0700E1942C70B3DF00DAA89C /* Model */ = {
			isa = PBXGroup;
			children = (
				07982B8F2CA293FC003C0E2B /* TrackersListStubModel.swift */,
				07D1B2172C63D671003BCD19 /* TrackersCellViewModel.swift */,
			);
			path = Model;
			sourceTree = "<group>";
		};
		0700E1952C70B3F300DAA89C /* View */ = {
			isa = PBXGroup;
			children = (
				07D989732C68FB6D00CF9B3E /* AddTrackerViewController.swift */,
				0700E19E2C71C3A700DAA89C /* AddTrackerViewControllerDelegate.swift */,
			);
			path = View;
			sourceTree = "<group>";
		};
		0700E1962C70B41800DAA89C /* View */ = {
			isa = PBXGroup;
			children = (
				073C8C222C6A2F10006D8E7D /* NewTrackerViewController.swift */,
				0772CAEA2C75E5C100EDC654 /* NewTrackerViewController+Extensions.swift */,
				073C8C312C6D0C29006D8E7D /* TrackerButtonsCell.swift */,
				0772CAEC2C75F11700EDC654 /* NewTrackerEmojiCell */,
				0772CAF12C762A3500EDC654 /* NewTrackerColorCell */,
			);
			path = View;
			sourceTree = "<group>";
		};
		0700E1972C70B43200DAA89C /* View */ = {
			isa = PBXGroup;
			children = (
				073C8C382C6DB039006D8E7D /* ScheduleViewController.swift */,
				073C8C452C6DEB23006D8E7D /* ScheduleCell */,
			);
			path = View;
			sourceTree = "<group>";
		};
		0700E1982C70B43F00DAA89C /* Model */ = {
			isa = PBXGroup;
			children = (
				073C8C432C6DBF89006D8E7D /* ScheduleCellModel.swift */,
			);
			path = Model;
			sourceTree = "<group>";
		};
		0700E19B2C71B9DE00DAA89C /* Assembley */ = {
			isa = PBXGroup;
			children = (
				0700E19C2C71BA6100DAA89C /* AddTrackerScreenAssembley.swift */,
			);
			path = Assembley;
			sourceTree = "<group>";
		};
		0700E1A02C71C85A00DAA89C /* Assembley */ = {
			isa = PBXGroup;
			children = (
				0700E1A12C71C88C00DAA89C /* NewTrackerScreenAssembley.swift */,
				072C09D82C9E8B0B00273BFB /* EditTrackerScreenAssembley.swift */,
			);
			path = Assembley;
			sourceTree = "<group>";
		};
		0700E1A32C71D7C000DAA89C /* Assembley */ = {
			isa = PBXGroup;
			children = (
				0700E1A42C71D7EC00DAA89C /* ScheduleScreenAssembley.swift */,
			);
			path = Assembley;
			sourceTree = "<group>";
		};
		072697B72C8EEF9200386B3F /* OnboardingView */ = {
			isa = PBXGroup;
			children = (
				07612F662C8D9D3600B4B563 /* View */,
				07612F672C8D9D4200B4B563 /* Presenter */,
				07612F682C8D9D5000B4B563 /* Assembley */,
			);
			path = OnboardingView;
			sourceTree = "<group>";
		};
		072697B82C8EEFBC00386B3F /* PageView */ = {
			isa = PBXGroup;
			children = (
				072697B92C8EEFCB00386B3F /* Model */,
				072697BA2C8EEFD100386B3F /* View */,
			);
			path = PageView;
			sourceTree = "<group>";
		};
		072697B92C8EEFCB00386B3F /* Model */ = {
			isa = PBXGroup;
			children = (
				072697BB2C8EF20B00386B3F /* OnboardingPage.swift */,
			);
			path = Model;
			sourceTree = "<group>";
		};
		072697BA2C8EEFD100386B3F /* View */ = {
			isa = PBXGroup;
			children = (
				07612F6F2C8E275000B4B563 /* OnboardingPageViewController.swift */,
			);
			path = View;
			sourceTree = "<group>";
		};
		072697BD2C8F033500386B3F /* Assembley */ = {
			isa = PBXGroup;
			children = (
				072697BE2C8F035400386B3F /* TrackersScreenAssembley.swift */,
			);
			path = Assembley;
			sourceTree = "<group>";
		};
		072697E22C8F37D100386B3F /* CategoriesView */ = {
			isa = PBXGroup;
			children = (
				072697E32C8F37EB00386B3F /* Model */,
				072697E42C8F37F400386B3F /* View */,
				072697E52C8F37F900386B3F /* ViewModel */,
				072697E62C8F382100386B3F /* Assembley */,
			);
			path = CategoriesView;
			sourceTree = "<group>";
		};
		072697E32C8F37EB00386B3F /* Model */ = {
			isa = PBXGroup;
			children = (
				072697FA2C906B8F00386B3F /* CategoryCellModel.swift */,
			);
			path = Model;
			sourceTree = "<group>";
		};
		072697E42C8F37F400386B3F /* View */ = {
			isa = PBXGroup;
			children = (
				072697FC2C9071F800386B3F /* CategoryCell */,
				072697E72C8F3CFB00386B3F /* CategoriesViewController.swift */,
			);
			path = View;
			sourceTree = "<group>";
		};
		072697E52C8F37F900386B3F /* ViewModel */ = {
			isa = PBXGroup;
			children = (
				072697EB2C8F418E00386B3F /* CategoriesViewModel.swift */,
				072697EF2C8F441600386B3F /* CategoriesViewModelProtocol.swift */,
			);
			path = ViewModel;
			sourceTree = "<group>";
		};
		072697E62C8F382100386B3F /* Assembley */ = {
			isa = PBXGroup;
			children = (
				072697E92C8F3F5B00386B3F /* CategoriesScreenAssembley.swift */,
			);
			path = Assembley;
			sourceTree = "<group>";
		};
		072697F72C906A6900386B3F /* TrackerCategory */ = {
			isa = PBXGroup;
			children = (
				07FD68782C787D10004A8794 /* TrackerCategoryStore.swift */,
				072697F12C9062BB00386B3F /* TrackerCategoryProtocol.swift */,
				072697F32C9064F700386B3F /* TrackerCategoryStoreDelegate.swift */,
				072697F52C90653100386B3F /* TrackerCategoryStoreUpdate.swift */,
				072698122C91AAD700386B3F /* TrackerCategoryError.swift */,
			);
			path = TrackerCategory;
			sourceTree = "<group>";
		};
		072697F82C906A8500386B3F /* Tracker */ = {
			isa = PBXGroup;
			children = (
				07D330BF2CA3541D00715D75 /* TrackerStoreUpdate.swift */,
				07FD687A2C787E37004A8794 /* TrackerStore.swift */,
				07A8C48C2C7F2816002EC584 /* TrackerStoreProtocol.swift */,
				07AA9E9E2C85BD34005C3724 /* TrackerStoreDelegate.swift */,
			);
			path = Tracker;
			sourceTree = "<group>";
		};
		072697F92C906AF600386B3F /* TrackerRecord */ = {
			isa = PBXGroup;
			children = (
				07FD687C2C787E56004A8794 /* TrackerRecordStore.swift */,
			);
			path = TrackerRecord;
			sourceTree = "<group>";
		};
		072697FC2C9071F800386B3F /* CategoryCell */ = {
			isa = PBXGroup;
			children = (
				072697FD2C90725D00386B3F /* CategoryCell.swift */,
			);
			path = CategoryCell;
			sourceTree = "<group>";
		};
		072698012C91801000386B3F /* NewCategoryView */ = {
			isa = PBXGroup;
			children = (
				072698022C91802000386B3F /* Model */,
				072698032C91802800386B3F /* View */,
				072698042C91803000386B3F /* ViewModel */,
				072698052C91815900386B3F /* Assembley */,
			);
			path = NewCategoryView;
			sourceTree = "<group>";
		};
		072698022C91802000386B3F /* Model */ = {
			isa = PBXGroup;
			children = (
				0726980E2C91882C00386B3F /* NewCategoryModel.swift */,
			);
			path = Model;
			sourceTree = "<group>";
		};
		072698032C91802800386B3F /* View */ = {
			isa = PBXGroup;
			children = (
				072698062C91817600386B3F /* NewCategoryViewController.swift */,
			);
			path = View;
			sourceTree = "<group>";
		};
		072698042C91803000386B3F /* ViewModel */ = {
			isa = PBXGroup;
			children = (
				072698082C9185E100386B3F /* NewCategoryViewModel.swift */,
				0726980A2C91865C00386B3F /* NewCategoryViewModelProtocol.swift */,
			);
			path = ViewModel;
			sourceTree = "<group>";
		};
		072698052C91815900386B3F /* Assembley */ = {
			isa = PBXGroup;
			children = (
				0726980C2C91872C00386B3F /* NewCategoryScreenAssembley.swift */,
			);
			path = Assembley;
			sourceTree = "<group>";
		};
		073C8C212C6A29D0006D8E7D /* NewTrackerView */ = {
			isa = PBXGroup;
			children = (
				0772CAE32C74AA4F00EDC654 /* Model */,
				0700E1962C70B41800DAA89C /* View */,
				073C8C282C6A2F34006D8E7D /* Presenter */,
				0700E1A02C71C85A00DAA89C /* Assembley */,
			);
			path = NewTrackerView;
			sourceTree = "<group>";
		};
		073C8C282C6A2F34006D8E7D /* Presenter */ = {
			isa = PBXGroup;
			children = (
				073C8C242C6A2F1B006D8E7D /* NewTrackerViewPresenter.swift */,
				073C8C262C6A2F2A006D8E7D /* NewTrackerViewPresenterProtocol.swift */,
				073C8C292C6A34DD006D8E7D /* NewTrackerViewPresenterDelegate.swift */,
			);
			path = Presenter;
			sourceTree = "<group>";
		};
		073C8C372C6D46D6006D8E7D /* ScheduleVew */ = {
			isa = PBXGroup;
			children = (
				0700E1982C70B43F00DAA89C /* Model */,
				0700E1972C70B43200DAA89C /* View */,
				073C8C3E2C6DB200006D8E7D /* Presenter */,
				0700E1A32C71D7C000DAA89C /* Assembley */,
			);
			path = ScheduleVew;
			sourceTree = "<group>";
		};
		073C8C3E2C6DB200006D8E7D /* Presenter */ = {
			isa = PBXGroup;
			children = (
				073C8C3A2C6DB04B006D8E7D /* ScheduleViewPresenter.swift */,
				073C8C3C2C6DB1F8006D8E7D /* ScheduleViewPresenterProtocol.swift */,
				073C8C3F2C6DB357006D8E7D /* ScheduleViewPresenterDelegate.swift */,
			);
			path = Presenter;
			sourceTree = "<group>";
		};
		073C8C452C6DEB23006D8E7D /* ScheduleCell */ = {
			isa = PBXGroup;
			children = (
				073C8C412C6DB8FC006D8E7D /* ScheduleCell.swift */,
				073C8C462C6DEB3E006D8E7D /* ScheduleCellDelegate.swift */,
			);
			path = ScheduleCell;
			sourceTree = "<group>";
		};
		07612F632C8CC29E00B4B563 /* Onboarding */ = {
			isa = PBXGroup;
			children = (
				072697B72C8EEF9200386B3F /* OnboardingView */,
				072697B82C8EEFBC00386B3F /* PageView */,
			);
			path = Onboarding;
			sourceTree = "<group>";
		};
		07612F662C8D9D3600B4B563 /* View */ = {
			isa = PBXGroup;
			children = (
				07612F642C8CC3F800B4B563 /* OnboardingViewController.swift */,
			);
			path = View;
			sourceTree = "<group>";
		};
		07612F672C8D9D4200B4B563 /* Presenter */ = {
			isa = PBXGroup;
			children = (
				07612F692C8D9DE800B4B563 /* OnboardingViewPresenterProtocol.swift */,
				07612F6D2C8E268D00B4B563 /* OnboardingViewPresenter.swift */,
				07612F712C8E290A00B4B563 /* OnboardingViewPresenterDelegate.swift */,
			);
			path = Presenter;
			sourceTree = "<group>";
		};
		07612F682C8D9D5000B4B563 /* Assembley */ = {
			isa = PBXGroup;
			children = (
				07612F6B2C8E262700B4B563 /* OnboardingScreenAssembley.swift */,
			);
			path = Assembley;
			sourceTree = "<group>";
		};
		0772CAE32C74AA4F00EDC654 /* Model */ = {
			isa = PBXGroup;
			children = (
				0772CAE42C74AA6D00EDC654 /* NewTrackerViewControllerGeometricParams.swift */,
				0772CAEF2C75F39400EDC654 /* NewTrackerEmojiCellModel.swift */,
				0772CAF62C762C7300EDC654 /* NewTrackerColorCellModel.swift */,
			);
			path = Model;
			sourceTree = "<group>";
		};
		0772CAEC2C75F11700EDC654 /* NewTrackerEmojiCell */ = {
			isa = PBXGroup;
			children = (
				0772CAE82C74EFA400EDC654 /* NewTrackerEmojiCell.swift */,
				0772CAED2C75F14800EDC654 /* NewTrackerEmojiCellDelegate.swift */,
			);
			path = NewTrackerEmojiCell;
			sourceTree = "<group>";
		};
		0772CAF12C762A3500EDC654 /* NewTrackerColorCell */ = {
			isa = PBXGroup;
			children = (
				0772CAF22C762A5700EDC654 /* NewTrackerColorCell.swift */,
				0772CAF42C762AB700EDC654 /* NewTrackerColorCellDelegate.swift */,
			);
			path = NewTrackerColorCell;
			sourceTree = "<group>";
		};
		0794329A2C54D55900DDCE10 = {
			isa = PBXGroup;
			children = (
				079432A52C54D55900DDCE10 /* Tracker */,
				07982BAD2CA2ABFA003C0E2B /* ScreenshotTests */,
				079432A42C54D55900DDCE10 /* Products */,
			);
			sourceTree = "<group>";
		};
		079432A42C54D55900DDCE10 /* Products */ = {
			isa = PBXGroup;
			children = (
				079432A32C54D55900DDCE10 /* Tracker.app */,
				07982BAC2CA2ABFA003C0E2B /* ScreenshotTests.xctest */,
			);
			name = Products;
			sourceTree = "<group>";
		};
		079432A52C54D55900DDCE10 /* Tracker */ = {
			isa = PBXGroup;
			children = (
				079432A62C54D55900DDCE10 /* AppDelegate.swift */,
				079432A82C54D55900DDCE10 /* SceneDelegate.swift */,
				079432BA2C54EA0A00DDCE10 /* Helpers */,
				079432BB2C54EA1200DDCE10 /* Models */,
				07FD68662C784982004A8794 /* CoreData */,
				079432BC2C54EA1C00DDCE10 /* Presentation */,
				079432BD2C54EA5C00DDCE10 /* Resources */,
				079432BE2C54EB9300DDCE10 /* Services */,
				079486632C99A84A00E875A1 /* Swiftgen */,
			);
			path = Tracker;
			sourceTree = "<group>";
		};
		079432BA2C54EA0A00DDCE10 /* Helpers */ = {
			isa = PBXGroup;
			children = (
				07D1B2152C63D2A0003BCD19 /* Array+Extensions.swift */,
				0700E1912C709E2100DAA89C /* InsetLabel.swift */,
				07EA45A82C661D4F0074306C /* Int+Extensions.swift */,
				079432C62C56031F00DDCE10 /* UIView+Extensions.swift */,
				07ADBA872C67D62B000BC87F /* UIImpactFeedbackGenerator+Extensions.swift */,
				07ADBA892C67F822000BC87F /* Date+Extensions.swift */,
				073C8C2D2C6B3207006D8E7D /* UIViewController+Extensions.swift */,
				073C8C332C6D11F7006D8E7D /* UITableView+Extensions.swift */,
				07C20A912C6E569D00463177 /* UITabBar+Extensions.swift */,
				0772CAE62C74DA2D00EDC654 /* UIDevice+Extensions.swift */,
			);
			path = Helpers;
			sourceTree = "<group>";
		};
		079432BB2C54EA1200DDCE10 /* Models */ = {
			isa = PBXGroup;
			children = (
				079432C82C560F5300DDCE10 /* Constants.swift */,
				07D1B20F2C627B5F003BCD19 /* Weekday.swift */,
				07DAD3FE2C5A9398001F4150 /* Tracker.swift */,
				07DAD4022C5A93B2001F4150 /* TrackerRecord.swift */,
				07D1B2132C63C544003BCD19 /* UICollectionViewCellGeometricParams.swift */,
				073C8C2B2C6A46B7006D8E7D /* TrackerType.swift */,
				072697FF2C90AD8F00386B3F /* Binding.swift */,
				07982B8D2CA291F1003C0E2B /* RecordCounts.swift */,
			);
			path = Models;
			sourceTree = "<group>";
		};
		079432BC2C54EA1C00DDCE10 /* Presentation */ = {
			isa = PBXGroup;
			children = (
				079432C32C55715400DDCE10 /* SplashView */,
				07612F632C8CC29E00B4B563 /* Onboarding */,
				079432CA2C56148400DDCE10 /* TrackersView */,
				07982B782CA1792C003C0E2B /* TrackersFilter */,
				07D1B20E2C620A32003BCD19 /* AddTrackerView */,
				073C8C212C6A29D0006D8E7D /* NewTrackerView */,
				072697E22C8F37D100386B3F /* CategoriesView */,
				072698012C91801000386B3F /* NewCategoryView */,
				073C8C372C6D46D6006D8E7D /* ScheduleVew */,
				079432CB2C5614A200DDCE10 /* StatisticsView */,
			);
			path = Presentation;
			sourceTree = "<group>";
		};
		079432BD2C54EA5C00DDCE10 /* Resources */ = {
			isa = PBXGroup;
			children = (
				079432AF2C54D55B00DDCE10 /* Assets.xcassets */,
				079432B42C54D55B00DDCE10 /* Info.plist */,
				079432B12C54D55B00DDCE10 /* LaunchScreen.storyboard */,
				072C09762C9ACE3000273BFB /* Localizable.strings */,
			);
			path = Resources;
			sourceTree = "<group>";
		};
		079432BE2C54EB9300DDCE10 /* Services */ = {
			isa = PBXGroup;
			children = (
				0797AE702CA491FF009B8E0C /* SettingsStore.swift */,
				0700E1992C70B7EB00DAA89C /* Router.swift */,
				07A21C262C97FFFD00BEA576 /* DaysFormatter.swift */,
				072C09B32C9C542C00273BFB /* AnalyticsService.swift */,
			);
			path = Services;
			sourceTree = "<group>";
		};
		079432C32C55715400DDCE10 /* SplashView */ = {
			isa = PBXGroup;
			children = (
				079432C42C55716700DDCE10 /* SplashViewController.swift */,
			);
			path = SplashView;
			sourceTree = "<group>";
		};
		079432CA2C56148400DDCE10 /* TrackersView */ = {
			isa = PBXGroup;
			children = (
				0700E1942C70B3DF00DAA89C /* Model */,
				0700E1932C70B3AD00DAA89C /* View */,
				079432D22C56181600DDCE10 /* Presenter */,
				072697BD2C8F033500386B3F /* Assembley */,
			);
			path = TrackersView;
			sourceTree = "<group>";
		};
		079432CB2C5614A200DDCE10 /* StatisticsView */ = {
			isa = PBXGroup;
			children = (
				07D330AD2CA2CCB300715D75 /* Model */,
				07D330AE2CA2CCBE00715D75 /* View */,
				079432D72C561EFC00DDCE10 /* Presenter */,
			);
			path = StatisticsView;
			sourceTree = "<group>";
		};
		079432D22C56181600DDCE10 /* Presenter */ = {
			isa = PBXGroup;
			children = (
				079432D02C5617DD00DDCE10 /* TrackersViewPresenter.swift */,
				079432D32C56183000DDCE10 /* TrackersViewPresenterDelegate.swift */,
				079432D52C56184300DDCE10 /* TrackersViewPresenterProtocol.swift */,
			);
			path = Presenter;
			sourceTree = "<group>";
		};
		079432D72C561EFC00DDCE10 /* Presenter */ = {
			isa = PBXGroup;
			children = (
				079432D82C561F6200DDCE10 /* StatisticsViewPresenter.swift */,
				079432DC2C561F8F00DDCE10 /* StatisticsViewPresenterDelegate.swift */,
				079432DA2C561F7C00DDCE10 /* StatisticsViewPresenterProtocol.swift */,
			);
			path = Presenter;
			sourceTree = "<group>";
		};
		079486632C99A84A00E875A1 /* Swiftgen */ = {
			isa = PBXGroup;
			children = (
				072C097B2C9AD3E700273BFB /* Strings+Generated.swift */,
				079486612C99A83D00E875A1 /* XCAssets+Generated.swift */,
			);
			path = Swiftgen;
			sourceTree = "<group>";
		};
		07982B782CA1792C003C0E2B /* TrackersFilter */ = {
			isa = PBXGroup;
			children = (
				07982B792CA1798E003C0E2B /* Model */,
				07982B7A2CA179A1003C0E2B /* View */,
				07982B7B2CA179BA003C0E2B /* Presenter */,
				07982B7C2CA17A1E003C0E2B /* Assembley */,
			);
			path = TrackersFilter;
			sourceTree = "<group>";
		};
		07982B792CA1798E003C0E2B /* Model */ = {
			isa = PBXGroup;
			children = (
				07982B8B2CA18E53003C0E2B /* FilterCellModel.swift */,
				07982B762CA1731D003C0E2B /* TrackersFilter.swift */,
			);
			path = Model;
			sourceTree = "<group>";
		};
		07982B7A2CA179A1003C0E2B /* View */ = {
			isa = PBXGroup;
			children = (
				07982B892CA18DAA003C0E2B /* FilterCell.swift */,
				07982B852CA17DAA003C0E2B /* TrackersFilterViewControllerProtocol.swift */,
				07982B7D2CA17A69003C0E2B /* TrackersFilterViewController.swift */,
			);
			path = View;
			sourceTree = "<group>";
		};
		07982B7B2CA179BA003C0E2B /* Presenter */ = {
			isa = PBXGroup;
			children = (
				07982B872CA17E5F003C0E2B /* TrackersFilterDelegate.swift */,
				07982B832CA17D65003C0E2B /* TrackersFilterViewPresenterProtocol.swift */,
				07982B7F2CA17A77003C0E2B /* TrackersFilterViewPresenter.swift */,
			);
			path = Presenter;
			sourceTree = "<group>";
		};
		07982B7C2CA17A1E003C0E2B /* Assembley */ = {
			isa = PBXGroup;
			children = (
				07982B812CA17A8C003C0E2B /* TrackersFilterScreenAssembley.swift */,
			);
			path = Assembley;
			sourceTree = "<group>";
		};
		07A8C4862C7D9A58002EC584 /* Model */ = {
			isa = PBXGroup;
			children = (
				0772CB1F2C77179F00EDC654 /* Database.xcdatamodeld */,
				0772CB222C77205700EDC654 /* UIColorToDataTransformer.swift */,
			);
			path = Model;
			sourceTree = "<group>";
		};
		07A8C4872C7D9A67002EC584 /* DataStore */ = {
			isa = PBXGroup;
			children = (
				072697F82C906A8500386B3F /* Tracker */,
				072697F72C906A6900386B3F /* TrackerCategory */,
				072697F92C906AF600386B3F /* TrackerRecord */,
			);
			path = DataStore;
			sourceTree = "<group>";
		};
		07D1B20E2C620A32003BCD19 /* AddTrackerView */ = {
			isa = PBXGroup;
			children = (
				0700E1952C70B3F300DAA89C /* View */,
				07D989792C69019100CF9B3E /* Presenter */,
				0700E19B2C71B9DE00DAA89C /* Assembley */,
			);
			path = AddTrackerView;
			sourceTree = "<group>";
		};
		07D330AD2CA2CCB300715D75 /* Model */ = {
			isa = PBXGroup;
			children = (
				07D330B52CA2D28C00715D75 /* StatisticsElement.swift */,
				07D330B32CA2D13100715D75 /* StatisticsType.swift */,
				07D330AF2CA2CCD000715D75 /* StatisticsCellViewModel.swift */,
			);
			path = Model;
			sourceTree = "<group>";
		};
		07D330AE2CA2CCBE00715D75 /* View */ = {
			isa = PBXGroup;
			children = (
				07D330B12CA2CD3600715D75 /* StatisticsCollectionViewCell.swift */,
				079432CE2C56159400DDCE10 /* StatisticsViewController.swift */,
			);
			path = View;
			sourceTree = "<group>";
		};
		07D989792C69019100CF9B3E /* Presenter */ = {
			isa = PBXGroup;
			children = (
				07D989752C68FC6400CF9B3E /* AddTrackerViewPresenter.swift */,
				07D989772C69018C00CF9B3E /* AddTrackerViewPresenterProtocol.swift */,
				07D9897A2C69023900CF9B3E /* AddTrackerViewPresenterDelegate.swift */,
			);
			path = Presenter;
			sourceTree = "<group>";
		};
		07EA45AA2C6677990074306C /* TrackersCollectionViewCell */ = {
			isa = PBXGroup;
			children = (
				07D1B2112C63A637003BCD19 /* TrackersCollectionViewCell.swift */,
				07EA45AB2C6677D30074306C /* TrackersCollectionViewCellDelegate.swift */,
			);
			path = TrackersCollectionViewCell;
			sourceTree = "<group>";
		};
		07FD68662C784982004A8794 /* CoreData */ = {
			isa = PBXGroup;
			children = (
				0772CB262C777E8000EDC654 /* Database.swift */,
				07A8C4872C7D9A67002EC584 /* DataStore */,
				07A8C4862C7D9A58002EC584 /* Model */,
			);
			path = CoreData;
			sourceTree = "<group>";
		};
/* End PBXGroup section */

/* Begin PBXNativeTarget section */
		079432A22C54D55900DDCE10 /* Tracker */ = {
			isa = PBXNativeTarget;
			buildConfigurationList = 079432B72C54D55B00DDCE10 /* Build configuration list for PBXNativeTarget "Tracker" */;
			buildPhases = (
				0794329F2C54D55900DDCE10 /* Sources */,
				079432A02C54D55900DDCE10 /* Frameworks */,
				079432A12C54D55900DDCE10 /* Resources */,
				079486602C99A25D00E875A1 /* Swiftgen */,
				079432BF2C54EEDB00DDCE10 /* Swiftlint */,
			);
			buildRules = (
			);
			dependencies = (
			);
			name = Tracker;
			productName = Tracker;
			productReference = 079432A32C54D55900DDCE10 /* Tracker.app */;
			productType = "com.apple.product-type.application";
		};
		07982BAB2CA2ABFA003C0E2B /* ScreenshotTests */ = {
			isa = PBXNativeTarget;
			buildConfigurationList = 07982BB22CA2ABFA003C0E2B /* Build configuration list for PBXNativeTarget "ScreenshotTests" */;
			buildPhases = (
				07982BA82CA2ABFA003C0E2B /* Sources */,
				07982BA92CA2ABFA003C0E2B /* Frameworks */,
				07982BAA2CA2ABFA003C0E2B /* Resources */,
			);
			buildRules = (
			);
			dependencies = (
				07982BB12CA2ABFA003C0E2B /* PBXTargetDependency */,
			);
			fileSystemSynchronizedGroups = (
				07982BAD2CA2ABFA003C0E2B /* ScreenshotTests */,
			);
			name = ScreenshotTests;
			packageProductDependencies = (
				07982BB62CA2AD69003C0E2B /* SnapshotTesting */,
			);
			productName = ScreenshotTests;
			productReference = 07982BAC2CA2ABFA003C0E2B /* ScreenshotTests.xctest */;
			productType = "com.apple.product-type.bundle.unit-test";
		};
/* End PBXNativeTarget section */

/* Begin PBXProject section */
		0794329B2C54D55900DDCE10 /* Project object */ = {
			isa = PBXProject;
			attributes = {
				BuildIndependentTargetsInParallel = 1;
				LastSwiftUpdateCheck = 1600;
				LastUpgradeCheck = 1540;
				TargetAttributes = {
					079432A22C54D55900DDCE10 = {
						CreatedOnToolsVersion = 15.4;
					};
					07982BAB2CA2ABFA003C0E2B = {
						CreatedOnToolsVersion = 16.0;
						TestTargetID = 079432A22C54D55900DDCE10;
					};
				};
			};
			buildConfigurationList = 0794329E2C54D55900DDCE10 /* Build configuration list for PBXProject "Tracker" */;
			compatibilityVersion = "Xcode 15.3";
			developmentRegion = ru;
			hasScannedForEncodings = 0;
			knownRegions = (
				Base,
				ru,
				en,
			);
			mainGroup = 0794329A2C54D55900DDCE10;
			packageReferences = (
				072C09AA2C9C51A200273BFB /* XCRemoteSwiftPackageReference "appmetrica-sdk-ios" */,
				07982BB52CA2AD69003C0E2B /* XCRemoteSwiftPackageReference "swift-snapshot-testing" */,
			);
			productRefGroup = 079432A42C54D55900DDCE10 /* Products */;
			projectDirPath = "";
			projectRoot = "";
			targets = (
				079432A22C54D55900DDCE10 /* Tracker */,
				07982BAB2CA2ABFA003C0E2B /* ScreenshotTests */,
			);
		};
/* End PBXProject section */

/* Begin PBXResourcesBuildPhase section */
		079432A12C54D55900DDCE10 /* Resources */ = {
			isa = PBXResourcesBuildPhase;
			buildActionMask = 2147483647;
			files = (
				079432B02C54D55B00DDCE10 /* Assets.xcassets in Resources */,
				072C09782C9ACE3000273BFB /* Localizable.strings in Resources */,
				079432B32C54D55B00DDCE10 /* Base in Resources */,
			);
			runOnlyForDeploymentPostprocessing = 0;
		};
		07982BAA2CA2ABFA003C0E2B /* Resources */ = {
			isa = PBXResourcesBuildPhase;
			buildActionMask = 2147483647;
			files = (
			);
			runOnlyForDeploymentPostprocessing = 0;
		};
/* End PBXResourcesBuildPhase section */

/* Begin PBXShellScriptBuildPhase section */
		079432BF2C54EEDB00DDCE10 /* Swiftlint */ = {
			isa = PBXShellScriptBuildPhase;
			alwaysOutOfDate = 1;
			buildActionMask = 2147483647;
			files = (
			);
			inputFileListPaths = (
			);
			inputPaths = (
			);
			name = Swiftlint;
			outputFileListPaths = (
			);
			outputPaths = (
			);
			runOnlyForDeploymentPostprocessing = 0;
			shellPath = /bin/sh;
			shellScript = "export PATH=\"/opt/homebrew/bin:$PATH\"\nif which swiftlint > /dev/null; then\n    if [ -e \".swiftlint.yml\" ]; then\n        swiftlint --no-cache --config \".swiftlint.yml\"\n    else  \n        swiftlint\n    fi\nelse\n  echo \"warning: SwiftLint not installed, download from https://github.com/realm/SwiftLint\"\nfi\n";
		};
		079486602C99A25D00E875A1 /* Swiftgen */ = {
			isa = PBXShellScriptBuildPhase;
			alwaysOutOfDate = 1;
			buildActionMask = 12;
			files = (
			);
			inputFileListPaths = (
			);
			inputPaths = (
			);
			name = Swiftgen;
			outputFileListPaths = (
			);
			outputPaths = (
			);
			runOnlyForDeploymentPostprocessing = 0;
			shellPath = /bin/sh;
			shellScript = "export PATH=\"/opt/homebrew/bin:$PATH\"\nif which swiftgen >/dev/null; then\n  swiftgen\nelse\n  echo \"warning: SwiftGen not installed, download it from https://github.com/SwiftGen/SwiftGen\"\nfi\n";
		};
/* End PBXShellScriptBuildPhase section */

/* Begin PBXSourcesBuildPhase section */
		0794329F2C54D55900DDCE10 /* Sources */ = {
			isa = PBXSourcesBuildPhase;
			buildActionMask = 2147483647;
			files = (
				07612F6A2C8D9DE800B4B563 /* OnboardingViewPresenterProtocol.swift in Sources */,
				0700E19D2C71BA6100DAA89C /* AddTrackerScreenAssembley.swift in Sources */,
				073C8C2C2C6A46B7006D8E7D /* TrackerType.swift in Sources */,
				072698072C91817600386B3F /* NewCategoryViewController.swift in Sources */,
				072698002C90AD8F00386B3F /* Binding.swift in Sources */,
				0772CB212C77179F00EDC654 /* Database.xcdatamodeld in Sources */,
				07AA9E9F2C85BD34005C3724 /* TrackerStoreDelegate.swift in Sources */,
				072697EA2C8F3F5B00386B3F /* CategoriesScreenAssembley.swift in Sources */,
				072697BC2C8EF20B00386B3F /* OnboardingPage.swift in Sources */,
				073C8C3D2C6DB1F8006D8E7D /* ScheduleViewPresenterProtocol.swift in Sources */,
				07ADBA882C67D62B000BC87F /* UIImpactFeedbackGenerator+Extensions.swift in Sources */,
				07612F702C8E275000B4B563 /* OnboardingPageViewController.swift in Sources */,
				072697F22C9062BB00386B3F /* TrackerCategoryProtocol.swift in Sources */,
				0700E19F2C71C3A800DAA89C /* AddTrackerViewControllerDelegate.swift in Sources */,
				073C8C252C6A2F1B006D8E7D /* NewTrackerViewPresenter.swift in Sources */,
				07982B882CA17E6A003C0E2B /* TrackersFilterDelegate.swift in Sources */,
				073C8C422C6DB8FC006D8E7D /* ScheduleCell.swift in Sources */,
				07982B822CA17A97003C0E2B /* TrackersFilterScreenAssembley.swift in Sources */,
				07FD687B2C787E37004A8794 /* TrackerStore.swift in Sources */,
				07982B8C2CA18E57003C0E2B /* FilterCellModel.swift in Sources */,
				0772CB232C77205700EDC654 /* UIColorToDataTransformer.swift in Sources */,
				07D1B2122C63A637003BCD19 /* TrackersCollectionViewCell.swift in Sources */,
				073C8C2E2C6B3207006D8E7D /* UIViewController+Extensions.swift in Sources */,
				07982B802CA17A7E003C0E2B /* TrackersFilterViewPresenter.swift in Sources */,
				079432D62C56184300DDCE10 /* TrackersViewPresenterProtocol.swift in Sources */,
				0700E1922C709E2100DAA89C /* InsetLabel.swift in Sources */,
				073C8C232C6A2F10006D8E7D /* NewTrackerViewController.swift in Sources */,
				07FD68792C787D10004A8794 /* TrackerCategoryStore.swift in Sources */,
				073C8C3B2C6DB04B006D8E7D /* ScheduleViewPresenter.swift in Sources */,
				072697F42C9064F700386B3F /* TrackerCategoryStoreDelegate.swift in Sources */,
				07D9897B2C69023900CF9B3E /* AddTrackerViewPresenterDelegate.swift in Sources */,
				0772CAE92C74EFA400EDC654 /* NewTrackerEmojiCell.swift in Sources */,
				07D330B42CA2D13800715D75 /* StatisticsType.swift in Sources */,
				07982B842CA17D70003C0E2B /* TrackersFilterViewPresenterProtocol.swift in Sources */,
				07D989782C69018C00CF9B3E /* AddTrackerViewPresenterProtocol.swift in Sources */,
				072697E82C8F3CFB00386B3F /* CategoriesViewController.swift in Sources */,
				079486622C99A83D00E875A1 /* XCAssets+Generated.swift in Sources */,
				07D989742C68FB6D00CF9B3E /* AddTrackerViewController.swift in Sources */,
				07D1B2182C63D671003BCD19 /* TrackersCellViewModel.swift in Sources */,
				07D330B62CA2D29C00715D75 /* StatisticsElement.swift in Sources */,
				07D989722C68764500CF9B3E /* TrackersCollectionHeaderView.swift in Sources */,
				0700E1A22C71C88C00DAA89C /* NewTrackerScreenAssembley.swift in Sources */,
				079432D12C5617DD00DDCE10 /* TrackersViewPresenter.swift in Sources */,
				072697FB2C906B8F00386B3F /* CategoryCellModel.swift in Sources */,
				073C8C2A2C6A34DD006D8E7D /* NewTrackerViewPresenterDelegate.swift in Sources */,
				07D330B22CA2CD4100715D75 /* StatisticsCollectionViewCell.swift in Sources */,
				073C8C472C6DEB3E006D8E7D /* ScheduleCellDelegate.swift in Sources */,
				07D1B2102C627B5F003BCD19 /* Weekday.swift in Sources */,
				079432DD2C561F8F00DDCE10 /* StatisticsViewPresenterDelegate.swift in Sources */,
				079432D42C56183000DDCE10 /* TrackersViewPresenterDelegate.swift in Sources */,
				07EA45A92C661D500074306C /* Int+Extensions.swift in Sources */,
				079432C92C560F5300DDCE10 /* Constants.swift in Sources */,
				072C09B42C9C542C00273BFB /* AnalyticsService.swift in Sources */,
				07982B8A2CA18DAC003C0E2B /* FilterCell.swift in Sources */,
				079432A72C54D55900DDCE10 /* AppDelegate.swift in Sources */,
				073C8C342C6D11F7006D8E7D /* UITableView+Extensions.swift in Sources */,
				07612F722C8E290A00B4B563 /* OnboardingViewPresenterDelegate.swift in Sources */,
				0772CAF02C75F39400EDC654 /* NewTrackerEmojiCellModel.swift in Sources */,
				07D330B02CA2CCD600715D75 /* StatisticsCellViewModel.swift in Sources */,
				07DAD3FF2C5A9398001F4150 /* Tracker.swift in Sources */,
				07982B862CA17DB3003C0E2B /* TrackersFilterViewControllerProtocol.swift in Sources */,
				0726980F2C91882C00386B3F /* NewCategoryModel.swift in Sources */,
				072698132C91AAD700386B3F /* TrackerCategoryError.swift in Sources */,
				072697F02C8F441600386B3F /* CategoriesViewModelProtocol.swift in Sources */,
				0726980B2C91865C00386B3F /* NewCategoryViewModelProtocol.swift in Sources */,
				073C8C402C6DB357006D8E7D /* ScheduleViewPresenterDelegate.swift in Sources */,
				079432A92C54D55900DDCE10 /* SceneDelegate.swift in Sources */,
				07FD687D2C787E56004A8794 /* TrackerRecordStore.swift in Sources */,
				0772CAE52C74AA6D00EDC654 /* NewTrackerViewControllerGeometricParams.swift in Sources */,
				07612F6C2C8E262700B4B563 /* OnboardingScreenAssembley.swift in Sources */,
				079432C72C56031F00DDCE10 /* UIView+Extensions.swift in Sources */,
				07D1B2162C63D2A0003BCD19 /* Array+Extensions.swift in Sources */,
				07982B902CA29404003C0E2B /* TrackersListStubModel.swift in Sources */,
				0700E1A52C71D7EC00DAA89C /* ScheduleScreenAssembley.swift in Sources */,
				07D1B2142C63C544003BCD19 /* UICollectionViewCellGeometricParams.swift in Sources */,
				07DAD4032C5A93B2001F4150 /* TrackerRecord.swift in Sources */,
				073C8C442C6DBF89006D8E7D /* ScheduleCellModel.swift in Sources */,
				07C20A922C6E569D00463177 /* UITabBar+Extensions.swift in Sources */,
				07612F652C8CC3F800B4B563 /* OnboardingViewController.swift in Sources */,
				0772CAE72C74DA2D00EDC654 /* UIDevice+Extensions.swift in Sources */,
				073C8C392C6DB039006D8E7D /* ScheduleViewController.swift in Sources */,
				073C8C272C6A2F2A006D8E7D /* NewTrackerViewPresenterProtocol.swift in Sources */,
				07ADBA8A2C67F823000BC87F /* Date+Extensions.swift in Sources */,
				0772CAF32C762A5700EDC654 /* NewTrackerColorCell.swift in Sources */,
				079432DB2C561F7C00DDCE10 /* StatisticsViewPresenterProtocol.swift in Sources */,
				07D330C02CA3542000715D75 /* TrackerStoreUpdate.swift in Sources */,
				07982B8E2CA2920D003C0E2B /* RecordCounts.swift in Sources */,
				0700E19A2C70B7EB00DAA89C /* Router.swift in Sources */,
				0772CAF72C762C7300EDC654 /* NewTrackerColorCellModel.swift in Sources */,
				0772CAEE2C75F14800EDC654 /* NewTrackerEmojiCellDelegate.swift in Sources */,
				07982B772CA17322003C0E2B /* TrackersFilter.swift in Sources */,
				079432C52C55716700DDCE10 /* SplashViewController.swift in Sources */,
				0772CAF52C762AB700EDC654 /* NewTrackerColorCellDelegate.swift in Sources */,
				07982B7E2CA17A73003C0E2B /* TrackersFilterViewController.swift in Sources */,
				073C8C322C6D0C29006D8E7D /* TrackerButtonsCell.swift in Sources */,
				0726980D2C91872C00386B3F /* NewCategoryScreenAssembley.swift in Sources */,
				07A21C272C97FFFD00BEA576 /* DaysFormatter.swift in Sources */,
				072697FE2C90725D00386B3F /* CategoryCell.swift in Sources */,
				079432D92C561F6200DDCE10 /* StatisticsViewPresenter.swift in Sources */,
				07D989762C68FC6400CF9B3E /* AddTrackerViewPresenter.swift in Sources */,
				072698092C9185E100386B3F /* NewCategoryViewModel.swift in Sources */,
				0772CAEB2C75E5C100EDC654 /* NewTrackerViewController+Extensions.swift in Sources */,
				072C097C2C9AD3E700273BFB /* Strings+Generated.swift in Sources */,
				07612F6E2C8E268D00B4B563 /* OnboardingViewPresenter.swift in Sources */,
				079432CD2C5614D500DDCE10 /* TrackersViewController.swift in Sources */,
				079432CF2C56159400DDCE10 /* StatisticsViewController.swift in Sources */,
				0797AE712CA49203009B8E0C /* SettingsStore.swift in Sources */,
				0772CB272C777E8100EDC654 /* Database.swift in Sources */,
				072697F62C90653100386B3F /* TrackerCategoryStoreUpdate.swift in Sources */,
				07EA45AC2C6677D30074306C /* TrackersCollectionViewCellDelegate.swift in Sources */,
				072697BF2C8F035400386B3F /* TrackersScreenAssembley.swift in Sources */,
				072697EC2C8F418E00386B3F /* CategoriesViewModel.swift in Sources */,
				07A8C48D2C7F2816002EC584 /* TrackerStoreProtocol.swift in Sources */,
				072C09D92C9E8B0B00273BFB /* EditTrackerScreenAssembley.swift in Sources */,
			);
			runOnlyForDeploymentPostprocessing = 0;
		};
		07982BA82CA2ABFA003C0E2B /* Sources */ = {
			isa = PBXSourcesBuildPhase;
			buildActionMask = 2147483647;
			files = (
			);
			runOnlyForDeploymentPostprocessing = 0;
		};
/* End PBXSourcesBuildPhase section */

/* Begin PBXTargetDependency section */
		07982BB12CA2ABFA003C0E2B /* PBXTargetDependency */ = {
			isa = PBXTargetDependency;
			target = 079432A22C54D55900DDCE10 /* Tracker */;
			targetProxy = 07982BB02CA2ABFA003C0E2B /* PBXContainerItemProxy */;
		};
/* End PBXTargetDependency section */

/* Begin PBXVariantGroup section */
		072C09762C9ACE3000273BFB /* Localizable.strings */ = {
			isa = PBXVariantGroup;
			children = (
				072C09772C9ACE3000273BFB /* ru */,
				072C097A2C9ACE8600273BFB /* en */,
			);
			name = Localizable.strings;
			sourceTree = "<group>";
		};
		079432B12C54D55B00DDCE10 /* LaunchScreen.storyboard */ = {
			isa = PBXVariantGroup;
			children = (
				079432B22C54D55B00DDCE10 /* Base */,
			);
			name = LaunchScreen.storyboard;
			sourceTree = "<group>";
		};
/* End PBXVariantGroup section */

/* Begin XCBuildConfiguration section */
		079432B52C54D55B00DDCE10 /* Debug */ = {
			isa = XCBuildConfiguration;
			buildSettings = {
				ALWAYS_SEARCH_USER_PATHS = NO;
				ASSETCATALOG_COMPILER_GENERATE_SWIFT_ASSET_SYMBOL_EXTENSIONS = YES;
				CLANG_ANALYZER_LOCALIZABILITY_NONLOCALIZED = YES;
				CLANG_ANALYZER_NONNULL = YES;
				CLANG_ANALYZER_NUMBER_OBJECT_CONVERSION = YES_AGGRESSIVE;
				CLANG_CXX_LANGUAGE_STANDARD = "gnu++20";
				CLANG_ENABLE_MODULES = YES;
				CLANG_ENABLE_OBJC_ARC = YES;
				CLANG_ENABLE_OBJC_WEAK = YES;
				CLANG_WARN_BLOCK_CAPTURE_AUTORELEASING = YES;
				CLANG_WARN_BOOL_CONVERSION = YES;
				CLANG_WARN_COMMA = YES;
				CLANG_WARN_CONSTANT_CONVERSION = YES;
				CLANG_WARN_DEPRECATED_OBJC_IMPLEMENTATIONS = YES;
				CLANG_WARN_DIRECT_OBJC_ISA_USAGE = YES_ERROR;
				CLANG_WARN_DOCUMENTATION_COMMENTS = YES;
				CLANG_WARN_EMPTY_BODY = YES;
				CLANG_WARN_ENUM_CONVERSION = YES;
				CLANG_WARN_INFINITE_RECURSION = YES;
				CLANG_WARN_INT_CONVERSION = YES;
				CLANG_WARN_NON_LITERAL_NULL_CONVERSION = YES;
				CLANG_WARN_OBJC_IMPLICIT_RETAIN_SELF = YES;
				CLANG_WARN_OBJC_LITERAL_CONVERSION = YES;
				CLANG_WARN_OBJC_ROOT_CLASS = YES_ERROR;
				CLANG_WARN_QUOTED_INCLUDE_IN_FRAMEWORK_HEADER = YES;
				CLANG_WARN_RANGE_LOOP_ANALYSIS = YES;
				CLANG_WARN_STRICT_PROTOTYPES = YES;
				CLANG_WARN_SUSPICIOUS_MOVE = YES;
				CLANG_WARN_UNGUARDED_AVAILABILITY = YES_AGGRESSIVE;
				CLANG_WARN_UNREACHABLE_CODE = YES;
				CLANG_WARN__DUPLICATE_METHOD_MATCH = YES;
				COPY_PHASE_STRIP = NO;
				DEBUG_INFORMATION_FORMAT = dwarf;
				ENABLE_STRICT_OBJC_MSGSEND = YES;
				ENABLE_TESTABILITY = YES;
				ENABLE_USER_SCRIPT_SANDBOXING = NO;
				GCC_C_LANGUAGE_STANDARD = gnu17;
				GCC_DYNAMIC_NO_PIC = NO;
				GCC_NO_COMMON_BLOCKS = YES;
				GCC_OPTIMIZATION_LEVEL = 0;
				GCC_PREPROCESSOR_DEFINITIONS = (
					"DEBUG=1",
					"$(inherited)",
				);
				GCC_WARN_64_TO_32_BIT_CONVERSION = YES;
				GCC_WARN_ABOUT_RETURN_TYPE = YES_ERROR;
				GCC_WARN_UNDECLARED_SELECTOR = YES;
				GCC_WARN_UNINITIALIZED_AUTOS = YES_AGGRESSIVE;
				GCC_WARN_UNUSED_FUNCTION = YES;
				GCC_WARN_UNUSED_VARIABLE = YES;
				IPHONEOS_DEPLOYMENT_TARGET = 13.4;
				LOCALIZATION_PREFERS_STRING_CATALOGS = YES;
				MTL_ENABLE_DEBUG_INFO = INCLUDE_SOURCE;
				MTL_FAST_MATH = YES;
				ONLY_ACTIVE_ARCH = YES;
				SDKROOT = iphoneos;
				SWIFT_ACTIVE_COMPILATION_CONDITIONS = "DEBUG $(inherited)";
				SWIFT_OPTIMIZATION_LEVEL = "-Onone";
			};
			name = Debug;
		};
		079432B62C54D55B00DDCE10 /* Release */ = {
			isa = XCBuildConfiguration;
			buildSettings = {
				ALWAYS_SEARCH_USER_PATHS = NO;
				ASSETCATALOG_COMPILER_GENERATE_SWIFT_ASSET_SYMBOL_EXTENSIONS = YES;
				CLANG_ANALYZER_LOCALIZABILITY_NONLOCALIZED = YES;
				CLANG_ANALYZER_NONNULL = YES;
				CLANG_ANALYZER_NUMBER_OBJECT_CONVERSION = YES_AGGRESSIVE;
				CLANG_CXX_LANGUAGE_STANDARD = "gnu++20";
				CLANG_ENABLE_MODULES = YES;
				CLANG_ENABLE_OBJC_ARC = YES;
				CLANG_ENABLE_OBJC_WEAK = YES;
				CLANG_WARN_BLOCK_CAPTURE_AUTORELEASING = YES;
				CLANG_WARN_BOOL_CONVERSION = YES;
				CLANG_WARN_COMMA = YES;
				CLANG_WARN_CONSTANT_CONVERSION = YES;
				CLANG_WARN_DEPRECATED_OBJC_IMPLEMENTATIONS = YES;
				CLANG_WARN_DIRECT_OBJC_ISA_USAGE = YES_ERROR;
				CLANG_WARN_DOCUMENTATION_COMMENTS = YES;
				CLANG_WARN_EMPTY_BODY = YES;
				CLANG_WARN_ENUM_CONVERSION = YES;
				CLANG_WARN_INFINITE_RECURSION = YES;
				CLANG_WARN_INT_CONVERSION = YES;
				CLANG_WARN_NON_LITERAL_NULL_CONVERSION = YES;
				CLANG_WARN_OBJC_IMPLICIT_RETAIN_SELF = YES;
				CLANG_WARN_OBJC_LITERAL_CONVERSION = YES;
				CLANG_WARN_OBJC_ROOT_CLASS = YES_ERROR;
				CLANG_WARN_QUOTED_INCLUDE_IN_FRAMEWORK_HEADER = YES;
				CLANG_WARN_RANGE_LOOP_ANALYSIS = YES;
				CLANG_WARN_STRICT_PROTOTYPES = YES;
				CLANG_WARN_SUSPICIOUS_MOVE = YES;
				CLANG_WARN_UNGUARDED_AVAILABILITY = YES_AGGRESSIVE;
				CLANG_WARN_UNREACHABLE_CODE = YES;
				CLANG_WARN__DUPLICATE_METHOD_MATCH = YES;
				COPY_PHASE_STRIP = NO;
				DEBUG_INFORMATION_FORMAT = "dwarf-with-dsym";
				ENABLE_NS_ASSERTIONS = NO;
				ENABLE_STRICT_OBJC_MSGSEND = YES;
				ENABLE_USER_SCRIPT_SANDBOXING = NO;
				GCC_C_LANGUAGE_STANDARD = gnu17;
				GCC_NO_COMMON_BLOCKS = YES;
				GCC_WARN_64_TO_32_BIT_CONVERSION = YES;
				GCC_WARN_ABOUT_RETURN_TYPE = YES_ERROR;
				GCC_WARN_UNDECLARED_SELECTOR = YES;
				GCC_WARN_UNINITIALIZED_AUTOS = YES_AGGRESSIVE;
				GCC_WARN_UNUSED_FUNCTION = YES;
				GCC_WARN_UNUSED_VARIABLE = YES;
				IPHONEOS_DEPLOYMENT_TARGET = 13.4;
				LOCALIZATION_PREFERS_STRING_CATALOGS = YES;
				MTL_ENABLE_DEBUG_INFO = NO;
				MTL_FAST_MATH = YES;
				SDKROOT = iphoneos;
				SWIFT_COMPILATION_MODE = wholemodule;
				VALIDATE_PRODUCT = YES;
			};
			name = Release;
		};
		079432B82C54D55B00DDCE10 /* Debug */ = {
			isa = XCBuildConfiguration;
			buildSettings = {
				ASSETCATALOG_COMPILER_APPICON_NAME = AppIcon;
				ASSETCATALOG_COMPILER_GLOBAL_ACCENT_COLOR_NAME = AccentColor;
				CODE_SIGN_STYLE = Automatic;
				CURRENT_PROJECT_VERSION = 4;
				DEVELOPMENT_TEAM = 28526C5326;
				GENERATE_INFOPLIST_FILE = YES;
				INFOPLIST_FILE = Tracker/Resources/Info.plist;
				INFOPLIST_KEY_CFBundleDisplayName = "Трекер привычек";
				INFOPLIST_KEY_LSApplicationCategoryType = "public.app-category.productivity";
				INFOPLIST_KEY_UIApplicationSupportsIndirectInputEvents = YES;
				INFOPLIST_KEY_UILaunchStoryboardName = LaunchScreen;
				INFOPLIST_KEY_UISupportedInterfaceOrientations = UIInterfaceOrientationPortrait;
				INFOPLIST_KEY_UISupportedInterfaceOrientations_iPad = "UIInterfaceOrientationLandscapeLeft UIInterfaceOrientationLandscapeRight UIInterfaceOrientationPortrait UIInterfaceOrientationPortraitUpsideDown";
				IPHONEOS_DEPLOYMENT_TARGET = 13.4;
				LD_RUNPATH_SEARCH_PATHS = (
					"$(inherited)",
					"@executable_path/Frameworks",
				);
				MARKETING_VERSION = 1.3;
				PRODUCT_BUNDLE_IDENTIFIER = "ru.old-school.pro.Tracker";
				PRODUCT_NAME = "$(TARGET_NAME)";
				SUPPORTED_PLATFORMS = "iphoneos iphonesimulator";
				SUPPORTS_MACCATALYST = NO;
				SUPPORTS_MAC_DESIGNED_FOR_IPHONE_IPAD = NO;
				SUPPORTS_XR_DESIGNED_FOR_IPHONE_IPAD = NO;
				SWIFT_EMIT_LOC_STRINGS = YES;
				SWIFT_VERSION = 5.0;
				TARGETED_DEVICE_FAMILY = 1;
			};
			name = Debug;
		};
		079432B92C54D55B00DDCE10 /* Release */ = {
			isa = XCBuildConfiguration;
			buildSettings = {
				ASSETCATALOG_COMPILER_APPICON_NAME = AppIcon;
				ASSETCATALOG_COMPILER_GLOBAL_ACCENT_COLOR_NAME = AccentColor;
				CODE_SIGN_STYLE = Automatic;
				CURRENT_PROJECT_VERSION = 4;
				DEVELOPMENT_TEAM = 28526C5326;
				GENERATE_INFOPLIST_FILE = YES;
				INFOPLIST_FILE = Tracker/Resources/Info.plist;
				INFOPLIST_KEY_CFBundleDisplayName = "Трекер привычек";
				INFOPLIST_KEY_LSApplicationCategoryType = "public.app-category.productivity";
				INFOPLIST_KEY_UIApplicationSupportsIndirectInputEvents = YES;
				INFOPLIST_KEY_UILaunchStoryboardName = LaunchScreen;
				INFOPLIST_KEY_UISupportedInterfaceOrientations = UIInterfaceOrientationPortrait;
				INFOPLIST_KEY_UISupportedInterfaceOrientations_iPad = "UIInterfaceOrientationLandscapeLeft UIInterfaceOrientationLandscapeRight UIInterfaceOrientationPortrait UIInterfaceOrientationPortraitUpsideDown";
				IPHONEOS_DEPLOYMENT_TARGET = 13.4;
				LD_RUNPATH_SEARCH_PATHS = (
					"$(inherited)",
					"@executable_path/Frameworks",
				);
				MARKETING_VERSION = 1.3;
				PRODUCT_BUNDLE_IDENTIFIER = "ru.old-school.pro.Tracker";
				PRODUCT_NAME = "$(TARGET_NAME)";
				SUPPORTED_PLATFORMS = "iphoneos iphonesimulator";
				SUPPORTS_MACCATALYST = NO;
				SUPPORTS_MAC_DESIGNED_FOR_IPHONE_IPAD = NO;
				SUPPORTS_XR_DESIGNED_FOR_IPHONE_IPAD = NO;
				SWIFT_EMIT_LOC_STRINGS = YES;
				SWIFT_VERSION = 5.0;
				TARGETED_DEVICE_FAMILY = 1;
			};
			name = Release;
		};
		07982BB32CA2ABFA003C0E2B /* Debug */ = {
			isa = XCBuildConfiguration;
			buildSettings = {
				BUNDLE_LOADER = "$(TEST_HOST)";
				CODE_SIGN_STYLE = Automatic;
				CURRENT_PROJECT_VERSION = 1;
				DEVELOPMENT_TEAM = 28526C5326;
				ENABLE_USER_SCRIPT_SANDBOXING = YES;
				GENERATE_INFOPLIST_FILE = YES;
				IPHONEOS_DEPLOYMENT_TARGET = 13.4;
				MARKETING_VERSION = 1.0;
				PRODUCT_BUNDLE_IDENTIFIER = "ru.old-school.pro.ScreenshotTests";
				PRODUCT_NAME = "$(TARGET_NAME)";
				SUPPORTED_PLATFORMS = "iphoneos iphonesimulator";
				SUPPORTS_MACCATALYST = NO;
				SUPPORTS_MAC_DESIGNED_FOR_IPHONE_IPAD = NO;
				SUPPORTS_XR_DESIGNED_FOR_IPHONE_IPAD = NO;
				SWIFT_EMIT_LOC_STRINGS = NO;
				SWIFT_VERSION = 5.0;
				TARGETED_DEVICE_FAMILY = 1;
				TEST_HOST = "$(BUILT_PRODUCTS_DIR)/Tracker.app/$(BUNDLE_EXECUTABLE_FOLDER_PATH)/Tracker";
			};
			name = Debug;
		};
		07982BB42CA2ABFA003C0E2B /* Release */ = {
			isa = XCBuildConfiguration;
			buildSettings = {
				BUNDLE_LOADER = "$(TEST_HOST)";
				CODE_SIGN_STYLE = Automatic;
				CURRENT_PROJECT_VERSION = 1;
				DEVELOPMENT_TEAM = 28526C5326;
				ENABLE_USER_SCRIPT_SANDBOXING = YES;
				GENERATE_INFOPLIST_FILE = YES;
				IPHONEOS_DEPLOYMENT_TARGET = 13.4;
				MARKETING_VERSION = 1.0;
				PRODUCT_BUNDLE_IDENTIFIER = "ru.old-school.pro.ScreenshotTests";
				PRODUCT_NAME = "$(TARGET_NAME)";
				SUPPORTED_PLATFORMS = "iphoneos iphonesimulator";
				SUPPORTS_MACCATALYST = NO;
				SUPPORTS_MAC_DESIGNED_FOR_IPHONE_IPAD = NO;
				SUPPORTS_XR_DESIGNED_FOR_IPHONE_IPAD = NO;
				SWIFT_EMIT_LOC_STRINGS = NO;
				SWIFT_VERSION = 5.0;
				TARGETED_DEVICE_FAMILY = 1;
				TEST_HOST = "$(BUILT_PRODUCTS_DIR)/Tracker.app/$(BUNDLE_EXECUTABLE_FOLDER_PATH)/Tracker";
			};
			name = Release;
		};
/* End XCBuildConfiguration section */

/* Begin XCConfigurationList section */
		0794329E2C54D55900DDCE10 /* Build configuration list for PBXProject "Tracker" */ = {
			isa = XCConfigurationList;
			buildConfigurations = (
				079432B52C54D55B00DDCE10 /* Debug */,
				079432B62C54D55B00DDCE10 /* Release */,
			);
			defaultConfigurationIsVisible = 0;
			defaultConfigurationName = Release;
		};
		079432B72C54D55B00DDCE10 /* Build configuration list for PBXNativeTarget "Tracker" */ = {
			isa = XCConfigurationList;
			buildConfigurations = (
				079432B82C54D55B00DDCE10 /* Debug */,
				079432B92C54D55B00DDCE10 /* Release */,
			);
			defaultConfigurationIsVisible = 0;
			defaultConfigurationName = Release;
		};
		07982BB22CA2ABFA003C0E2B /* Build configuration list for PBXNativeTarget "ScreenshotTests" */ = {
			isa = XCConfigurationList;
			buildConfigurations = (
				07982BB32CA2ABFA003C0E2B /* Debug */,
				07982BB42CA2ABFA003C0E2B /* Release */,
			);
			defaultConfigurationIsVisible = 0;
			defaultConfigurationName = Release;
		};
/* End XCConfigurationList section */

/* Begin XCRemoteSwiftPackageReference section */
		072C09AA2C9C51A200273BFB /* XCRemoteSwiftPackageReference "appmetrica-sdk-ios" */ = {
			isa = XCRemoteSwiftPackageReference;
			repositoryURL = "https://github.com/appmetrica/appmetrica-sdk-ios";
			requirement = {
				kind = upToNextMajorVersion;
				minimumVersion = 5.8.0;
			};
		};
		07982BB52CA2AD69003C0E2B /* XCRemoteSwiftPackageReference "swift-snapshot-testing" */ = {
			isa = XCRemoteSwiftPackageReference;
			repositoryURL = "https://github.com/pointfreeco/swift-snapshot-testing";
			requirement = {
				kind = upToNextMajorVersion;
				minimumVersion = 1.17.5;
			};
		};
/* End XCRemoteSwiftPackageReference section */

/* Begin XCSwiftPackageProductDependency section */
		072C09AB2C9C51A200273BFB /* AppMetricaAdSupport */ = {
			isa = XCSwiftPackageProductDependency;
			package = 072C09AA2C9C51A200273BFB /* XCRemoteSwiftPackageReference "appmetrica-sdk-ios" */;
			productName = AppMetricaAdSupport;
		};
		072C09AD2C9C51A200273BFB /* AppMetricaCore */ = {
			isa = XCSwiftPackageProductDependency;
			package = 072C09AA2C9C51A200273BFB /* XCRemoteSwiftPackageReference "appmetrica-sdk-ios" */;
			productName = AppMetricaCore;
		};
		072C09AF2C9C51A200273BFB /* AppMetricaCrashes */ = {
			isa = XCSwiftPackageProductDependency;
			package = 072C09AA2C9C51A200273BFB /* XCRemoteSwiftPackageReference "appmetrica-sdk-ios" */;
			productName = AppMetricaCrashes;
		};
		072C09B12C9C51A200273BFB /* AppMetricaLibraryAdapter */ = {
			isa = XCSwiftPackageProductDependency;
			package = 072C09AA2C9C51A200273BFB /* XCRemoteSwiftPackageReference "appmetrica-sdk-ios" */;
			productName = AppMetricaLibraryAdapter;
		};
		07982BB62CA2AD69003C0E2B /* SnapshotTesting */ = {
			isa = XCSwiftPackageProductDependency;
			package = 07982BB52CA2AD69003C0E2B /* XCRemoteSwiftPackageReference "swift-snapshot-testing" */;
			productName = SnapshotTesting;
		};
/* End XCSwiftPackageProductDependency section */

/* Begin XCVersionGroup section */
		0772CB1F2C77179F00EDC654 /* Database.xcdatamodeld */ = {
			isa = XCVersionGroup;
			children = (
				0772CB202C77179F00EDC654 /* Database.xcdatamodel */,
			);
			currentVersion = 0772CB202C77179F00EDC654 /* Database.xcdatamodel */;
			path = Database.xcdatamodeld;
			sourceTree = "<group>";
			versionGroupType = wrapper.xcdatamodel;
		};
/* End XCVersionGroup section */
	};
	rootObject = 0794329B2C54D55900DDCE10 /* Project object */;
}
